// !$*UTF8*$!
{
	archiveVersion = 1;
	classes = {
	};
	objectVersion = 55;
	objects = {

/* Begin PBXBuildFile section */
		162B557B290B23CE000F9477 /* Listeners.swift in Sources */ = {isa = PBXBuildFile; fileRef = 162B557A290B23CE000F9477 /* Listeners.swift */; };
		162B557D290B2FA3000F9477 /* TextFieldTypes.swift in Sources */ = {isa = PBXBuildFile; fileRef = 162B557C290B2FA3000F9477 /* TextFieldTypes.swift */; };
		162B557F290B4818000F9477 /* MaterialsFlow.swift in Sources */ = {isa = PBXBuildFile; fileRef = 162B557E290B4818000F9477 /* MaterialsFlow.swift */; };
		162B5581290B4A5F000F9477 /* KeyValue.swift in Sources */ = {isa = PBXBuildFile; fileRef = 162B5580290B4A5F000F9477 /* KeyValue.swift */; };
		162B5584290B4A75000F9477 /* CellViewModel.swift in Sources */ = {isa = PBXBuildFile; fileRef = 162B5583290B4A75000F9477 /* CellViewModel.swift */; };
		162B5586290B4D83000F9477 /* Creatable.swift in Sources */ = {isa = PBXBuildFile; fileRef = 162B5585290B4D83000F9477 /* Creatable.swift */; };
		162B5588290B75C6000F9477 /* Extension + Double.swift in Sources */ = {isa = PBXBuildFile; fileRef = 162B5587290B75C6000F9477 /* Extension + Double.swift */; };
		162ECD322909997A0005B6A4 /* ItemType.swift in Sources */ = {isa = PBXBuildFile; fileRef = 162ECD312909997A0005B6A4 /* ItemType.swift */; };
		162ECD34290999810005B6A4 /* CreateType.swift in Sources */ = {isa = PBXBuildFile; fileRef = 162ECD33290999810005B6A4 /* CreateType.swift */; };
		162ECD36290999970005B6A4 /* CreateDTO.swift in Sources */ = {isa = PBXBuildFile; fileRef = 162ECD35290999970005B6A4 /* CreateDTO.swift */; };
		162ECD38290999BD0005B6A4 /* CreateItemModel.swift in Sources */ = {isa = PBXBuildFile; fileRef = 162ECD37290999BD0005B6A4 /* CreateItemModel.swift */; };
		162ECD3A2909E4520005B6A4 /* AddItemViewModelCell.swift in Sources */ = {isa = PBXBuildFile; fileRef = 162ECD392909E4520005B6A4 /* AddItemViewModelCell.swift */; };
		162ECD3C2909E45F0005B6A4 /* AddImageViewModelCell.swift in Sources */ = {isa = PBXBuildFile; fileRef = 162ECD3B2909E45F0005B6A4 /* AddImageViewModelCell.swift */; };
		162ECD3E2909E5150005B6A4 /* TextFieldViewModelCell.swift in Sources */ = {isa = PBXBuildFile; fileRef = 162ECD3D2909E5150005B6A4 /* TextFieldViewModelCell.swift */; };
		162ECD402909E6BA0005B6A4 /* TextFieldIOProtocol.swift in Sources */ = {isa = PBXBuildFile; fileRef = 162ECD3F2909E6BA0005B6A4 /* TextFieldIOProtocol.swift */; };
		162ECD42290A16510005B6A4 /* MaterialCreateViewModel.swift in Sources */ = {isa = PBXBuildFile; fileRef = 162ECD41290A16510005B6A4 /* MaterialCreateViewModel.swift */; };
		162ECD44290A16C90005B6A4 /* Keys.swift in Sources */ = {isa = PBXBuildFile; fileRef = 162ECD43290A16C90005B6A4 /* Keys.swift */; };
		1646642A29088B31008892EB /* CreateModel.swift in Sources */ = {isa = PBXBuildFile; fileRef = 1646642929088B31008892EB /* CreateModel.swift */; };
		1646642E290892E0008892EB /* AddImageTableViewCell.swift in Sources */ = {isa = PBXBuildFile; fileRef = 1646642C290892E0008892EB /* AddImageTableViewCell.swift */; };
		1646642F290892E0008892EB /* AddImageTableViewCell.xib in Resources */ = {isa = PBXBuildFile; fileRef = 1646642D290892E0008892EB /* AddImageTableViewCell.xib */; };
		164664342908976C008892EB /* MaterialTableViewCell.swift in Sources */ = {isa = PBXBuildFile; fileRef = 164664322908976C008892EB /* MaterialTableViewCell.swift */; };
		164664352908976C008892EB /* MaterialTableViewCell.xib in Resources */ = {isa = PBXBuildFile; fileRef = 164664332908976C008892EB /* MaterialTableViewCell.xib */; };
		1646643B2908A7FF008892EB /* MaterialStoryboard.storyboard in Resources */ = {isa = PBXBuildFile; fileRef = 1646643A2908A7FF008892EB /* MaterialStoryboard.storyboard */; };
		1646643C2908A812008892EB /* MaterialCreateViewController.swift in Sources */ = {isa = PBXBuildFile; fileRef = 164664372908A6FE008892EB /* MaterialCreateViewController.swift */; };
		1646643E2908AA5D008892EB /* MaterialsType.swift in Sources */ = {isa = PBXBuildFile; fileRef = 1646643D2908AA5D008892EB /* MaterialsType.swift */; };
		164664422908AC02008892EB /* SelectableTableViewCell.swift in Sources */ = {isa = PBXBuildFile; fileRef = 164664402908AC02008892EB /* SelectableTableViewCell.swift */; };
		164664432908AC02008892EB /* SelectableTableViewCell.xib in Resources */ = {isa = PBXBuildFile; fileRef = 164664412908AC02008892EB /* SelectableTableViewCell.xib */; };
		164664482908BA2A008892EB /* MeasureType.swift in Sources */ = {isa = PBXBuildFile; fileRef = 164664472908BA2A008892EB /* MeasureType.swift */; };
		1646644E2908C41F008892EB /* ConsumptionType.swift in Sources */ = {isa = PBXBuildFile; fileRef = 1646644D2908C41F008892EB /* ConsumptionType.swift */; };
		164664502908C526008892EB /* TimeType.swift in Sources */ = {isa = PBXBuildFile; fileRef = 1646644F2908C526008892EB /* TimeType.swift */; };
		164664522908C632008892EB /* NivelType.swift in Sources */ = {isa = PBXBuildFile; fileRef = 164664512908C632008892EB /* NivelType.swift */; };
		1684C0D5290234A100249C7B /* ItemTableViewCell.swift in Sources */ = {isa = PBXBuildFile; fileRef = 1684C0D3290234A100249C7B /* ItemTableViewCell.swift */; };
		1684C0D6290234A100249C7B /* ItemTableViewCell.xib in Resources */ = {isa = PBXBuildFile; fileRef = 1684C0D4290234A100249C7B /* ItemTableViewCell.xib */; };
		1684C0D92902405100249C7B /* ParallaxGroupedSectionHeaderTableView.swift in Sources */ = {isa = PBXBuildFile; fileRef = 1684C0D82902405100249C7B /* ParallaxGroupedSectionHeaderTableView.swift */; };
		16AE04092900A05C00490465 /* AppDelegate.swift in Sources */ = {isa = PBXBuildFile; fileRef = 16AE04082900A05C00490465 /* AppDelegate.swift */; };
		16AE040B2900A05C00490465 /* SceneDelegate.swift in Sources */ = {isa = PBXBuildFile; fileRef = 16AE040A2900A05C00490465 /* SceneDelegate.swift */; };
		16AE04132900A05C00490465 /* HowMuch.xcdatamodeld in Sources */ = {isa = PBXBuildFile; fileRef = 16AE04112900A05C00490465 /* HowMuch.xcdatamodeld */; };
		16AE04152900A05E00490465 /* Assets.xcassets in Resources */ = {isa = PBXBuildFile; fileRef = 16AE04142900A05E00490465 /* Assets.xcassets */; };
		16AE04182900A05E00490465 /* LaunchScreen.storyboard in Resources */ = {isa = PBXBuildFile; fileRef = 16AE04162900A05E00490465 /* LaunchScreen.storyboard */; };
		16AE04972900A12600490465 /* AppLauncher.swift in Sources */ = {isa = PBXBuildFile; fileRef = 16AE04202900A12600490465 /* AppLauncher.swift */; };
		16AE04982900A12600490465 /* SNButton.swift in Sources */ = {isa = PBXBuildFile; fileRef = 16AE04222900A12600490465 /* SNButton.swift */; };
		16AE04992900A12600490465 /* DateHelper.swift in Sources */ = {isa = PBXBuildFile; fileRef = 16AE04242900A12600490465 /* DateHelper.swift */; };
		16AE049A2900A12600490465 /* Extension + Data.swift in Sources */ = {isa = PBXBuildFile; fileRef = 16AE04262900A12600490465 /* Extension + Data.swift */; };
		16AE049B2900A12600490465 /* Extension + Dictionary.swift in Sources */ = {isa = PBXBuildFile; fileRef = 16AE04272900A12600490465 /* Extension + Dictionary.swift */; };
		16AE049C2900A12600490465 /* Extension + String.swift in Sources */ = {isa = PBXBuildFile; fileRef = 16AE04282900A12600490465 /* Extension + String.swift */; };
		16AE049D2900A12600490465 /* Extension + Table.swift in Sources */ = {isa = PBXBuildFile; fileRef = 16AE04292900A12600490465 /* Extension + Table.swift */; };
		16AE049E2900A12600490465 /* Extension + UIColor.swift in Sources */ = {isa = PBXBuildFile; fileRef = 16AE042A2900A12600490465 /* Extension + UIColor.swift */; };
		16AE049F2900A12600490465 /* Extension + UIImage.swift in Sources */ = {isa = PBXBuildFile; fileRef = 16AE042B2900A12600490465 /* Extension + UIImage.swift */; };
		16AE04A02900A12600490465 /* Launcher.swift in Sources */ = {isa = PBXBuildFile; fileRef = 16AE042C2900A12600490465 /* Launcher.swift */; };
		16AE04A12900A12600490465 /* Registering.swift in Sources */ = {isa = PBXBuildFile; fileRef = 16AE042E2900A12600490465 /* Registering.swift */; };
		16AE04A22900A12600490465 /* Service.swift in Sources */ = {isa = PBXBuildFile; fileRef = 16AE04302900A12600490465 /* Service.swift */; };
		16AE04A32900A12600490465 /* Validator.swift in Sources */ = {isa = PBXBuildFile; fileRef = 16AE04322900A12600490465 /* Validator.swift */; };
		16AE04A42900A12600490465 /* Status.swift in Sources */ = {isa = PBXBuildFile; fileRef = 16AE04352900A12600490465 /* Status.swift */; };
		16AE04A52900A12600490465 /* StatusView.swift in Sources */ = {isa = PBXBuildFile; fileRef = 16AE04362900A12600490465 /* StatusView.swift */; };
		16AE04A62900A12600490465 /* StatusView.xib in Resources */ = {isa = PBXBuildFile; fileRef = 16AE04372900A12600490465 /* StatusView.xib */; };
		16AE04A72900A12600490465 /* EventTag.swift in Sources */ = {isa = PBXBuildFile; fileRef = 16AE04392900A12600490465 /* EventTag.swift */; };
		16AE04A82900A12600490465 /* TagView.swift in Sources */ = {isa = PBXBuildFile; fileRef = 16AE043A2900A12600490465 /* TagView.swift */; };
		16AE04A92900A12600490465 /* TagView.xib in Resources */ = {isa = PBXBuildFile; fileRef = 16AE043B2900A12600490465 /* TagView.xib */; };
		16AE04AA2900A12600490465 /* SNRefresher.swift in Sources */ = {isa = PBXBuildFile; fileRef = 16AE043E2900A12600490465 /* SNRefresher.swift */; };
		16AE04AB2900A12600490465 /* SNRefreshTokenModel.swift in Sources */ = {isa = PBXBuildFile; fileRef = 16AE043F2900A12600490465 /* SNRefreshTokenModel.swift */; };
		16AE04AC2900A12600490465 /* SNRefreshTokenService.swift in Sources */ = {isa = PBXBuildFile; fileRef = 16AE04402900A12600490465 /* SNRefreshTokenService.swift */; };
		16AE04AD2900A12600490465 /* Sanada.swift in Sources */ = {isa = PBXBuildFile; fileRef = 16AE04412900A12600490465 /* Sanada.swift */; };
		16AE04AE2900A12600490465 /* SNImageDownloader.swift in Sources */ = {isa = PBXBuildFile; fileRef = 16AE04432900A12600490465 /* SNImageDownloader.swift */; };
		16AE04AF2900A12600490465 /* SNNetworkManager.swift in Sources */ = {isa = PBXBuildFile; fileRef = 16AE04442900A12600490465 /* SNNetworkManager.swift */; };
		16AE04B02900A12600490465 /* SNNetworkMethod.swift in Sources */ = {isa = PBXBuildFile; fileRef = 16AE04452900A12600490465 /* SNNetworkMethod.swift */; };
		16AE04B12900A12600490465 /* SNNetworkTask.swift in Sources */ = {isa = PBXBuildFile; fileRef = 16AE04462900A12600490465 /* SNNetworkTask.swift */; };
		16AE04B22900A12600490465 /* SNRequestable.swift in Sources */ = {isa = PBXBuildFile; fileRef = 16AE04472900A12600490465 /* SNRequestable.swift */; };
		16AE04B32900A12600490465 /* SNCoordinator.swift in Sources */ = {isa = PBXBuildFile; fileRef = 16AE04482900A12600490465 /* SNCoordinator.swift */; };
		16AE04B42900A12600490465 /* SNStateful.swift in Sources */ = {isa = PBXBuildFile; fileRef = 16AE044A2900A12600490465 /* SNStateful.swift */; };
		16AE04B52900A12600490465 /* SNViewController.swift in Sources */ = {isa = PBXBuildFile; fileRef = 16AE044B2900A12600490465 /* SNViewController.swift */; };
		16AE04B62900A12600490465 /* SNViewControllerProtocol.swift in Sources */ = {isa = PBXBuildFile; fileRef = 16AE044C2900A12600490465 /* SNViewControllerProtocol.swift */; };
		16AE04B72900A12600490465 /* SNDynamic.swift in Sources */ = {isa = PBXBuildFile; fileRef = 16AE044E2900A12600490465 /* SNDynamic.swift */; };
		16AE04B82900A12600490465 /* SNViewModel.swift in Sources */ = {isa = PBXBuildFile; fileRef = 16AE044F2900A12600490465 /* SNViewModel.swift */; };
		16AE04B92900A12600490465 /* SNViewModelProtocol.swift in Sources */ = {isa = PBXBuildFile; fileRef = 16AE04502900A12600490465 /* SNViewModelProtocol.swift */; };
		16AE04BA2900A12600490465 /* MainCoordinator.swift in Sources */ = {isa = PBXBuildFile; fileRef = 16AE04542900A12600490465 /* MainCoordinator.swift */; };
		16AE04BB2900A12600490465 /* MainProtocol.swift in Sources */ = {isa = PBXBuildFile; fileRef = 16AE04552900A12600490465 /* MainProtocol.swift */; };
		16AE04BF2900A12700490465 /* MyReceiptCoordinator.swift in Sources */ = {isa = PBXBuildFile; fileRef = 16AE045E2900A12600490465 /* MyReceiptCoordinator.swift */; };
		16AE04C02900A12700490465 /* MyReceiptProtocol.swift in Sources */ = {isa = PBXBuildFile; fileRef = 16AE045F2900A12600490465 /* MyReceiptProtocol.swift */; };
		16AE04C12900A12700490465 /* MyReceiptViewController.swift in Sources */ = {isa = PBXBuildFile; fileRef = 16AE04602900A12600490465 /* MyReceiptViewController.swift */; };
		16AE04C22900A12700490465 /* MyReceiptViewModel.swift in Sources */ = {isa = PBXBuildFile; fileRef = 16AE04612900A12600490465 /* MyReceiptViewModel.swift */; };
		16AE04C32900A12700490465 /* MainStoryboard.storyboard in Resources */ = {isa = PBXBuildFile; fileRef = 16AE04622900A12600490465 /* MainStoryboard.storyboard */; };
		16AE04C62900A12700490465 /* MaterialsCoordinator.swift in Sources */ = {isa = PBXBuildFile; fileRef = 16AE04682900A12600490465 /* MaterialsCoordinator.swift */; };
		16AE04C72900A12700490465 /* MaterialsProtocol.swift in Sources */ = {isa = PBXBuildFile; fileRef = 16AE04692900A12600490465 /* MaterialsProtocol.swift */; };
		16AE04C82900A12700490465 /* MaterialsViewController.swift in Sources */ = {isa = PBXBuildFile; fileRef = 16AE046A2900A12600490465 /* MaterialsViewController.swift */; };
		16AE04C92900A12700490465 /* EstimateTableViewCell.swift in Sources */ = {isa = PBXBuildFile; fileRef = 16AE046D2900A12600490465 /* EstimateTableViewCell.swift */; };
		16AE04CA2900A12700490465 /* EstimateTableViewCell.xib in Resources */ = {isa = PBXBuildFile; fileRef = 16AE046E2900A12600490465 /* EstimateTableViewCell.xib */; };
		16AE04CB2900A12700490465 /* EstimateCoordinator.swift in Sources */ = {isa = PBXBuildFile; fileRef = 16AE04702900A12600490465 /* EstimateCoordinator.swift */; };
		16AE04CC2900A12700490465 /* EstimateProtocol.swift in Sources */ = {isa = PBXBuildFile; fileRef = 16AE04712900A12600490465 /* EstimateProtocol.swift */; };
		16AE04CD2900A12700490465 /* EstimateViewController.swift in Sources */ = {isa = PBXBuildFile; fileRef = 16AE04722900A12600490465 /* EstimateViewController.swift */; };
		16AE04CF2900A12700490465 /* SettingsCoordinator.swift in Sources */ = {isa = PBXBuildFile; fileRef = 16AE04762900A12600490465 /* SettingsCoordinator.swift */; };
		16AE04D02900A12700490465 /* SettingsProtocol.swift in Sources */ = {isa = PBXBuildFile; fileRef = 16AE04772900A12600490465 /* SettingsProtocol.swift */; };
		16AE04D12900A12700490465 /* SettingsViewController.swift in Sources */ = {isa = PBXBuildFile; fileRef = 16AE04782900A12600490465 /* SettingsViewController.swift */; };
		16AE04D22900A12700490465 /* TabController.swift in Sources */ = {isa = PBXBuildFile; fileRef = 16AE047A2900A12600490465 /* TabController.swift */; };
		16AE04DE2900A12700490465 /* SignStoryboard.storyboard in Resources */ = {isa = PBXBuildFile; fileRef = 16AE048D2900A12600490465 /* SignStoryboard.storyboard */; };
		16AE04DF2900A12700490465 /* LoginCoordinator.swift in Sources */ = {isa = PBXBuildFile; fileRef = 16AE04902900A12600490465 /* LoginCoordinator.swift */; };
		16AE04E02900A12700490465 /* LoginProtocol.swift in Sources */ = {isa = PBXBuildFile; fileRef = 16AE04912900A12600490465 /* LoginProtocol.swift */; };
		16AE04E12900A12700490465 /* LoginViewController.swift in Sources */ = {isa = PBXBuildFile; fileRef = 16AE04932900A12600490465 /* LoginViewController.swift */; };
		16AE04E22900A12700490465 /* LoginViewModel.swift in Sources */ = {isa = PBXBuildFile; fileRef = 16AE04942900A12600490465 /* LoginViewModel.swift */; };
		16AE04E32900A12700490465 /* LoginRepository.swift in Sources */ = {isa = PBXBuildFile; fileRef = 16AE04962900A12600490465 /* LoginRepository.swift */; };
		16AE04E72900DBD900490465 /* ReceiptTableViewCell.swift in Sources */ = {isa = PBXBuildFile; fileRef = 16AE04E52900DBD900490465 /* ReceiptTableViewCell.swift */; };
		16AE04E82900DBD900490465 /* ReceiptTableViewCell.xib in Resources */ = {isa = PBXBuildFile; fileRef = 16AE04E62900DBD900490465 /* ReceiptTableViewCell.xib */; };
		16AE04EA2900DFBD00490465 /* Extension + Decimal.swift in Sources */ = {isa = PBXBuildFile; fileRef = 16AE04E92900DFBD00490465 /* Extension + Decimal.swift */; };
		16AE04ED2900E39100490465 /* ReceiptsModel.swift in Sources */ = {isa = PBXBuildFile; fileRef = 16AE04EC2900E39100490465 /* ReceiptsModel.swift */; };
		16D80CD8290335E000A3FC5A /* GoogleService-Info.plist in Resources */ = {isa = PBXBuildFile; fileRef = 16D80CD7290335E000A3FC5A /* GoogleService-Info.plist */; };
		16D80CDB29033A7400A3FC5A /* FirestoreRepository.swift in Sources */ = {isa = PBXBuildFile; fileRef = 16D80CDA29033A7400A3FC5A /* FirestoreRepository.swift */; };
		16D80CDD29033AB900A3FC5A /* FirestoreConsts.swift in Sources */ = {isa = PBXBuildFile; fileRef = 16D80CDC29033AB900A3FC5A /* FirestoreConsts.swift */; };
		16D80CE02903567C00A3FC5A /* BugdetModel.swift in Sources */ = {isa = PBXBuildFile; fileRef = 16D80CDF2903567C00A3FC5A /* BugdetModel.swift */; };
		16D80CE2290356BB00A3FC5A /* IngredientsModel.swift in Sources */ = {isa = PBXBuildFile; fileRef = 16D80CE1290356BB00A3FC5A /* IngredientsModel.swift */; };
		16D80CE4290356DC00A3FC5A /* SalesModel.swift in Sources */ = {isa = PBXBuildFile; fileRef = 16D80CE3290356DC00A3FC5A /* SalesModel.swift */; };
		16D80CE62903571E00A3FC5A /* MaterialModel.swift in Sources */ = {isa = PBXBuildFile; fileRef = 16D80CE52903571E00A3FC5A /* MaterialModel.swift */; };
		16D80CE82903574A00A3FC5A /* TaxeModel.swift in Sources */ = {isa = PBXBuildFile; fileRef = 16D80CE72903574A00A3FC5A /* TaxeModel.swift */; };
		16D80CEA2903576E00A3FC5A /* ConsumptionModel.swift in Sources */ = {isa = PBXBuildFile; fileRef = 16D80CE92903576E00A3FC5A /* ConsumptionModel.swift */; };
		16D80CEC290357D200A3FC5A /* FirestoreId.swift in Sources */ = {isa = PBXBuildFile; fileRef = 16D80CEB290357D200A3FC5A /* FirestoreId.swift */; };
		16FE20B129073657000AC718 /* TextFieldTableViewCell.swift in Sources */ = {isa = PBXBuildFile; fileRef = 16FE20AF29073657000AC718 /* TextFieldTableViewCell.swift */; };
		16FE20B229073657000AC718 /* TextFieldTableViewCell.xib in Resources */ = {isa = PBXBuildFile; fileRef = 16FE20B029073657000AC718 /* TextFieldTableViewCell.xib */; };
		16FE20B5290737F9000AC718 /* SalesCreateViewController.swift in Sources */ = {isa = PBXBuildFile; fileRef = 16FE20B4290737F9000AC718 /* SalesCreateViewController.swift */; };
		16FE20BA290739DC000AC718 /* AddItemTableViewCell.swift in Sources */ = {isa = PBXBuildFile; fileRef = 16FE20B8290739DB000AC718 /* AddItemTableViewCell.swift */; };
		16FE20BB290739DC000AC718 /* AddItemTableViewCell.xib in Resources */ = {isa = PBXBuildFile; fileRef = 16FE20B9290739DB000AC718 /* AddItemTableViewCell.xib */; };
		16FE20BF2907433A000AC718 /* AddButtonFooterTableViewCell.swift in Sources */ = {isa = PBXBuildFile; fileRef = 16FE20BD2907433A000AC718 /* AddButtonFooterTableViewCell.swift */; };
		16FE20C02907433A000AC718 /* AddButtonFooterTableViewCell.xib in Resources */ = {isa = PBXBuildFile; fileRef = 16FE20BE2907433A000AC718 /* AddButtonFooterTableViewCell.xib */; };
		16FF36592901ED4F000DFC50 /* SaleStoryboard.storyboard in Resources */ = {isa = PBXBuildFile; fileRef = 16FF36582901ED4F000DFC50 /* SaleStoryboard.storyboard */; };
		16FF365B2901ED5F000DFC50 /* SaleDetailedViewController.swift in Sources */ = {isa = PBXBuildFile; fileRef = 16FF365A2901ED5F000DFC50 /* SaleDetailedViewController.swift */; };
		4523C970B55C09549FDF66DA /* Pods_HowMuch.framework in Frameworks */ = {isa = PBXBuildFile; fileRef = 4921D74E24EE008C70E29347 /* Pods_HowMuch.framework */; };
/* End PBXBuildFile section */

/* Begin PBXFileReference section */
		162B557A290B23CE000F9477 /* Listeners.swift */ = {isa = PBXFileReference; lastKnownFileType = sourcecode.swift; path = Listeners.swift; sourceTree = "<group>"; };
		162B557C290B2FA3000F9477 /* TextFieldTypes.swift */ = {isa = PBXFileReference; lastKnownFileType = sourcecode.swift; path = TextFieldTypes.swift; sourceTree = "<group>"; };
		162B557E290B4818000F9477 /* MaterialsFlow.swift */ = {isa = PBXFileReference; lastKnownFileType = sourcecode.swift; path = MaterialsFlow.swift; sourceTree = "<group>"; };
		162B5580290B4A5F000F9477 /* KeyValue.swift */ = {isa = PBXFileReference; lastKnownFileType = sourcecode.swift; path = KeyValue.swift; sourceTree = "<group>"; };
		162B5583290B4A75000F9477 /* CellViewModel.swift */ = {isa = PBXFileReference; lastKnownFileType = sourcecode.swift; path = CellViewModel.swift; sourceTree = "<group>"; };
		162B5585290B4D83000F9477 /* Creatable.swift */ = {isa = PBXFileReference; lastKnownFileType = sourcecode.swift; path = Creatable.swift; sourceTree = "<group>"; };
		162B5587290B75C6000F9477 /* Extension + Double.swift */ = {isa = PBXFileReference; lastKnownFileType = sourcecode.swift; path = "Extension + Double.swift"; sourceTree = "<group>"; };
		162ECD312909997A0005B6A4 /* ItemType.swift */ = {isa = PBXFileReference; lastKnownFileType = sourcecode.swift; path = ItemType.swift; sourceTree = "<group>"; };
		162ECD33290999810005B6A4 /* CreateType.swift */ = {isa = PBXFileReference; lastKnownFileType = sourcecode.swift; path = CreateType.swift; sourceTree = "<group>"; };
		162ECD35290999970005B6A4 /* CreateDTO.swift */ = {isa = PBXFileReference; lastKnownFileType = sourcecode.swift; path = CreateDTO.swift; sourceTree = "<group>"; };
		162ECD37290999BD0005B6A4 /* CreateItemModel.swift */ = {isa = PBXFileReference; lastKnownFileType = sourcecode.swift; path = CreateItemModel.swift; sourceTree = "<group>"; };
		162ECD392909E4520005B6A4 /* AddItemViewModelCell.swift */ = {isa = PBXFileReference; lastKnownFileType = sourcecode.swift; path = AddItemViewModelCell.swift; sourceTree = "<group>"; };
		162ECD3B2909E45F0005B6A4 /* AddImageViewModelCell.swift */ = {isa = PBXFileReference; lastKnownFileType = sourcecode.swift; path = AddImageViewModelCell.swift; sourceTree = "<group>"; };
		162ECD3D2909E5150005B6A4 /* TextFieldViewModelCell.swift */ = {isa = PBXFileReference; lastKnownFileType = sourcecode.swift; path = TextFieldViewModelCell.swift; sourceTree = "<group>"; };
		162ECD3F2909E6BA0005B6A4 /* TextFieldIOProtocol.swift */ = {isa = PBXFileReference; lastKnownFileType = sourcecode.swift; path = TextFieldIOProtocol.swift; sourceTree = "<group>"; };
		162ECD41290A16510005B6A4 /* MaterialCreateViewModel.swift */ = {isa = PBXFileReference; lastKnownFileType = sourcecode.swift; path = MaterialCreateViewModel.swift; sourceTree = "<group>"; };
		162ECD43290A16C90005B6A4 /* Keys.swift */ = {isa = PBXFileReference; lastKnownFileType = sourcecode.swift; path = Keys.swift; sourceTree = "<group>"; };
		1646642929088B31008892EB /* CreateModel.swift */ = {isa = PBXFileReference; lastKnownFileType = sourcecode.swift; path = CreateModel.swift; sourceTree = "<group>"; };
		1646642C290892E0008892EB /* AddImageTableViewCell.swift */ = {isa = PBXFileReference; lastKnownFileType = sourcecode.swift; path = AddImageTableViewCell.swift; sourceTree = "<group>"; };
		1646642D290892E0008892EB /* AddImageTableViewCell.xib */ = {isa = PBXFileReference; lastKnownFileType = file.xib; path = AddImageTableViewCell.xib; sourceTree = "<group>"; };
		164664322908976C008892EB /* MaterialTableViewCell.swift */ = {isa = PBXFileReference; lastKnownFileType = sourcecode.swift; path = MaterialTableViewCell.swift; sourceTree = "<group>"; };
		164664332908976C008892EB /* MaterialTableViewCell.xib */ = {isa = PBXFileReference; lastKnownFileType = file.xib; path = MaterialTableViewCell.xib; sourceTree = "<group>"; };
		164664372908A6FE008892EB /* MaterialCreateViewController.swift */ = {isa = PBXFileReference; lastKnownFileType = sourcecode.swift; path = MaterialCreateViewController.swift; sourceTree = "<group>"; };
		1646643A2908A7FF008892EB /* MaterialStoryboard.storyboard */ = {isa = PBXFileReference; lastKnownFileType = file.storyboard; path = MaterialStoryboard.storyboard; sourceTree = "<group>"; };
		1646643D2908AA5D008892EB /* MaterialsType.swift */ = {isa = PBXFileReference; lastKnownFileType = sourcecode.swift; path = MaterialsType.swift; sourceTree = "<group>"; };
		164664402908AC02008892EB /* SelectableTableViewCell.swift */ = {isa = PBXFileReference; lastKnownFileType = sourcecode.swift; path = SelectableTableViewCell.swift; sourceTree = "<group>"; };
		164664412908AC02008892EB /* SelectableTableViewCell.xib */ = {isa = PBXFileReference; lastKnownFileType = file.xib; path = SelectableTableViewCell.xib; sourceTree = "<group>"; };
		164664472908BA2A008892EB /* MeasureType.swift */ = {isa = PBXFileReference; lastKnownFileType = sourcecode.swift; path = MeasureType.swift; sourceTree = "<group>"; };
		1646644D2908C41F008892EB /* ConsumptionType.swift */ = {isa = PBXFileReference; lastKnownFileType = sourcecode.swift; path = ConsumptionType.swift; sourceTree = "<group>"; };
		1646644F2908C526008892EB /* TimeType.swift */ = {isa = PBXFileReference; lastKnownFileType = sourcecode.swift; path = TimeType.swift; sourceTree = "<group>"; };
		164664512908C632008892EB /* NivelType.swift */ = {isa = PBXFileReference; lastKnownFileType = sourcecode.swift; path = NivelType.swift; sourceTree = "<group>"; };
		1684C0D3290234A100249C7B /* ItemTableViewCell.swift */ = {isa = PBXFileReference; lastKnownFileType = sourcecode.swift; path = ItemTableViewCell.swift; sourceTree = "<group>"; };
		1684C0D4290234A100249C7B /* ItemTableViewCell.xib */ = {isa = PBXFileReference; lastKnownFileType = file.xib; path = ItemTableViewCell.xib; sourceTree = "<group>"; };
		1684C0D82902405100249C7B /* ParallaxGroupedSectionHeaderTableView.swift */ = {isa = PBXFileReference; lastKnownFileType = sourcecode.swift; path = ParallaxGroupedSectionHeaderTableView.swift; sourceTree = "<group>"; };
		16AE04052900A05C00490465 /* HowMuch.app */ = {isa = PBXFileReference; explicitFileType = wrapper.application; includeInIndex = 0; path = HowMuch.app; sourceTree = BUILT_PRODUCTS_DIR; };
		16AE04082900A05C00490465 /* AppDelegate.swift */ = {isa = PBXFileReference; lastKnownFileType = sourcecode.swift; path = AppDelegate.swift; sourceTree = "<group>"; };
		16AE040A2900A05C00490465 /* SceneDelegate.swift */ = {isa = PBXFileReference; lastKnownFileType = sourcecode.swift; path = SceneDelegate.swift; sourceTree = "<group>"; };
		16AE04122900A05C00490465 /* HowMuch.xcdatamodel */ = {isa = PBXFileReference; lastKnownFileType = wrapper.xcdatamodel; path = HowMuch.xcdatamodel; sourceTree = "<group>"; };
		16AE04142900A05E00490465 /* Assets.xcassets */ = {isa = PBXFileReference; lastKnownFileType = folder.assetcatalog; path = Assets.xcassets; sourceTree = "<group>"; };
		16AE04172900A05E00490465 /* Base */ = {isa = PBXFileReference; lastKnownFileType = file.storyboard; name = Base; path = Base.lproj/LaunchScreen.storyboard; sourceTree = "<group>"; };
		16AE04192900A05E00490465 /* Info.plist */ = {isa = PBXFileReference; lastKnownFileType = text.plist.xml; path = Info.plist; sourceTree = "<group>"; };
		16AE04202900A12600490465 /* AppLauncher.swift */ = {isa = PBXFileReference; fileEncoding = 4; lastKnownFileType = sourcecode.swift; path = AppLauncher.swift; sourceTree = "<group>"; };
		16AE04222900A12600490465 /* SNButton.swift */ = {isa = PBXFileReference; fileEncoding = 4; lastKnownFileType = sourcecode.swift; path = SNButton.swift; sourceTree = "<group>"; };
		16AE04242900A12600490465 /* DateHelper.swift */ = {isa = PBXFileReference; fileEncoding = 4; lastKnownFileType = sourcecode.swift; path = DateHelper.swift; sourceTree = "<group>"; };
		16AE04262900A12600490465 /* Extension + Data.swift */ = {isa = PBXFileReference; fileEncoding = 4; lastKnownFileType = sourcecode.swift; path = "Extension + Data.swift"; sourceTree = "<group>"; };
		16AE04272900A12600490465 /* Extension + Dictionary.swift */ = {isa = PBXFileReference; fileEncoding = 4; lastKnownFileType = sourcecode.swift; path = "Extension + Dictionary.swift"; sourceTree = "<group>"; };
		16AE04282900A12600490465 /* Extension + String.swift */ = {isa = PBXFileReference; fileEncoding = 4; lastKnownFileType = sourcecode.swift; path = "Extension + String.swift"; sourceTree = "<group>"; };
		16AE04292900A12600490465 /* Extension + Table.swift */ = {isa = PBXFileReference; fileEncoding = 4; lastKnownFileType = sourcecode.swift; path = "Extension + Table.swift"; sourceTree = "<group>"; };
		16AE042A2900A12600490465 /* Extension + UIColor.swift */ = {isa = PBXFileReference; fileEncoding = 4; lastKnownFileType = sourcecode.swift; path = "Extension + UIColor.swift"; sourceTree = "<group>"; };
		16AE042B2900A12600490465 /* Extension + UIImage.swift */ = {isa = PBXFileReference; fileEncoding = 4; lastKnownFileType = sourcecode.swift; path = "Extension + UIImage.swift"; sourceTree = "<group>"; };
		16AE042C2900A12600490465 /* Launcher.swift */ = {isa = PBXFileReference; fileEncoding = 4; lastKnownFileType = sourcecode.swift; path = Launcher.swift; sourceTree = "<group>"; };
		16AE042E2900A12600490465 /* Registering.swift */ = {isa = PBXFileReference; fileEncoding = 4; lastKnownFileType = sourcecode.swift; path = Registering.swift; sourceTree = "<group>"; };
		16AE04302900A12600490465 /* Service.swift */ = {isa = PBXFileReference; fileEncoding = 4; lastKnownFileType = sourcecode.swift; path = Service.swift; sourceTree = "<group>"; };
		16AE04322900A12600490465 /* Validator.swift */ = {isa = PBXFileReference; fileEncoding = 4; lastKnownFileType = sourcecode.swift; path = Validator.swift; sourceTree = "<group>"; };
		16AE04352900A12600490465 /* Status.swift */ = {isa = PBXFileReference; fileEncoding = 4; lastKnownFileType = sourcecode.swift; path = Status.swift; sourceTree = "<group>"; };
		16AE04362900A12600490465 /* StatusView.swift */ = {isa = PBXFileReference; fileEncoding = 4; lastKnownFileType = sourcecode.swift; path = StatusView.swift; sourceTree = "<group>"; };
		16AE04372900A12600490465 /* StatusView.xib */ = {isa = PBXFileReference; fileEncoding = 4; lastKnownFileType = file.xib; path = StatusView.xib; sourceTree = "<group>"; };
		16AE04392900A12600490465 /* EventTag.swift */ = {isa = PBXFileReference; fileEncoding = 4; lastKnownFileType = sourcecode.swift; path = EventTag.swift; sourceTree = "<group>"; };
		16AE043A2900A12600490465 /* TagView.swift */ = {isa = PBXFileReference; fileEncoding = 4; lastKnownFileType = sourcecode.swift; path = TagView.swift; sourceTree = "<group>"; };
		16AE043B2900A12600490465 /* TagView.xib */ = {isa = PBXFileReference; fileEncoding = 4; lastKnownFileType = file.xib; path = TagView.xib; sourceTree = "<group>"; };
		16AE043E2900A12600490465 /* SNRefresher.swift */ = {isa = PBXFileReference; fileEncoding = 4; lastKnownFileType = sourcecode.swift; path = SNRefresher.swift; sourceTree = "<group>"; };
		16AE043F2900A12600490465 /* SNRefreshTokenModel.swift */ = {isa = PBXFileReference; fileEncoding = 4; lastKnownFileType = sourcecode.swift; path = SNRefreshTokenModel.swift; sourceTree = "<group>"; };
		16AE04402900A12600490465 /* SNRefreshTokenService.swift */ = {isa = PBXFileReference; fileEncoding = 4; lastKnownFileType = sourcecode.swift; path = SNRefreshTokenService.swift; sourceTree = "<group>"; };
		16AE04412900A12600490465 /* Sanada.swift */ = {isa = PBXFileReference; fileEncoding = 4; lastKnownFileType = sourcecode.swift; path = Sanada.swift; sourceTree = "<group>"; };
		16AE04432900A12600490465 /* SNImageDownloader.swift */ = {isa = PBXFileReference; fileEncoding = 4; lastKnownFileType = sourcecode.swift; path = SNImageDownloader.swift; sourceTree = "<group>"; };
		16AE04442900A12600490465 /* SNNetworkManager.swift */ = {isa = PBXFileReference; fileEncoding = 4; lastKnownFileType = sourcecode.swift; path = SNNetworkManager.swift; sourceTree = "<group>"; };
		16AE04452900A12600490465 /* SNNetworkMethod.swift */ = {isa = PBXFileReference; fileEncoding = 4; lastKnownFileType = sourcecode.swift; path = SNNetworkMethod.swift; sourceTree = "<group>"; };
		16AE04462900A12600490465 /* SNNetworkTask.swift */ = {isa = PBXFileReference; fileEncoding = 4; lastKnownFileType = sourcecode.swift; path = SNNetworkTask.swift; sourceTree = "<group>"; };
		16AE04472900A12600490465 /* SNRequestable.swift */ = {isa = PBXFileReference; fileEncoding = 4; lastKnownFileType = sourcecode.swift; path = SNRequestable.swift; sourceTree = "<group>"; };
		16AE04482900A12600490465 /* SNCoordinator.swift */ = {isa = PBXFileReference; fileEncoding = 4; lastKnownFileType = sourcecode.swift; path = SNCoordinator.swift; sourceTree = "<group>"; };
		16AE044A2900A12600490465 /* SNStateful.swift */ = {isa = PBXFileReference; fileEncoding = 4; lastKnownFileType = sourcecode.swift; path = SNStateful.swift; sourceTree = "<group>"; };
		16AE044B2900A12600490465 /* SNViewController.swift */ = {isa = PBXFileReference; fileEncoding = 4; lastKnownFileType = sourcecode.swift; path = SNViewController.swift; sourceTree = "<group>"; };
		16AE044C2900A12600490465 /* SNViewControllerProtocol.swift */ = {isa = PBXFileReference; fileEncoding = 4; lastKnownFileType = sourcecode.swift; path = SNViewControllerProtocol.swift; sourceTree = "<group>"; };
		16AE044E2900A12600490465 /* SNDynamic.swift */ = {isa = PBXFileReference; fileEncoding = 4; lastKnownFileType = sourcecode.swift; path = SNDynamic.swift; sourceTree = "<group>"; };
		16AE044F2900A12600490465 /* SNViewModel.swift */ = {isa = PBXFileReference; fileEncoding = 4; lastKnownFileType = sourcecode.swift; path = SNViewModel.swift; sourceTree = "<group>"; };
		16AE04502900A12600490465 /* SNViewModelProtocol.swift */ = {isa = PBXFileReference; fileEncoding = 4; lastKnownFileType = sourcecode.swift; path = SNViewModelProtocol.swift; sourceTree = "<group>"; };
		16AE04542900A12600490465 /* MainCoordinator.swift */ = {isa = PBXFileReference; fileEncoding = 4; lastKnownFileType = sourcecode.swift; path = MainCoordinator.swift; sourceTree = "<group>"; };
		16AE04552900A12600490465 /* MainProtocol.swift */ = {isa = PBXFileReference; fileEncoding = 4; lastKnownFileType = sourcecode.swift; path = MainProtocol.swift; sourceTree = "<group>"; };
		16AE045E2900A12600490465 /* MyReceiptCoordinator.swift */ = {isa = PBXFileReference; fileEncoding = 4; lastKnownFileType = sourcecode.swift; path = MyReceiptCoordinator.swift; sourceTree = "<group>"; };
		16AE045F2900A12600490465 /* MyReceiptProtocol.swift */ = {isa = PBXFileReference; fileEncoding = 4; lastKnownFileType = sourcecode.swift; path = MyReceiptProtocol.swift; sourceTree = "<group>"; };
		16AE04602900A12600490465 /* MyReceiptViewController.swift */ = {isa = PBXFileReference; fileEncoding = 4; lastKnownFileType = sourcecode.swift; path = MyReceiptViewController.swift; sourceTree = "<group>"; };
		16AE04612900A12600490465 /* MyReceiptViewModel.swift */ = {isa = PBXFileReference; fileEncoding = 4; lastKnownFileType = sourcecode.swift; path = MyReceiptViewModel.swift; sourceTree = "<group>"; };
		16AE04622900A12600490465 /* MainStoryboard.storyboard */ = {isa = PBXFileReference; fileEncoding = 4; lastKnownFileType = file.storyboard; path = MainStoryboard.storyboard; sourceTree = "<group>"; };
		16AE04682900A12600490465 /* MaterialsCoordinator.swift */ = {isa = PBXFileReference; fileEncoding = 4; lastKnownFileType = sourcecode.swift; path = MaterialsCoordinator.swift; sourceTree = "<group>"; };
		16AE04692900A12600490465 /* MaterialsProtocol.swift */ = {isa = PBXFileReference; fileEncoding = 4; lastKnownFileType = sourcecode.swift; path = MaterialsProtocol.swift; sourceTree = "<group>"; };
		16AE046A2900A12600490465 /* MaterialsViewController.swift */ = {isa = PBXFileReference; fileEncoding = 4; lastKnownFileType = sourcecode.swift; path = MaterialsViewController.swift; sourceTree = "<group>"; };
		16AE046D2900A12600490465 /* EstimateTableViewCell.swift */ = {isa = PBXFileReference; fileEncoding = 4; lastKnownFileType = sourcecode.swift; path = EstimateTableViewCell.swift; sourceTree = "<group>"; };
		16AE046E2900A12600490465 /* EstimateTableViewCell.xib */ = {isa = PBXFileReference; fileEncoding = 4; lastKnownFileType = file.xib; path = EstimateTableViewCell.xib; sourceTree = "<group>"; };
		16AE04702900A12600490465 /* EstimateCoordinator.swift */ = {isa = PBXFileReference; fileEncoding = 4; lastKnownFileType = sourcecode.swift; path = EstimateCoordinator.swift; sourceTree = "<group>"; };
		16AE04712900A12600490465 /* EstimateProtocol.swift */ = {isa = PBXFileReference; fileEncoding = 4; lastKnownFileType = sourcecode.swift; path = EstimateProtocol.swift; sourceTree = "<group>"; };
		16AE04722900A12600490465 /* EstimateViewController.swift */ = {isa = PBXFileReference; fileEncoding = 4; lastKnownFileType = sourcecode.swift; path = EstimateViewController.swift; sourceTree = "<group>"; };
		16AE04762900A12600490465 /* SettingsCoordinator.swift */ = {isa = PBXFileReference; fileEncoding = 4; lastKnownFileType = sourcecode.swift; path = SettingsCoordinator.swift; sourceTree = "<group>"; };
		16AE04772900A12600490465 /* SettingsProtocol.swift */ = {isa = PBXFileReference; fileEncoding = 4; lastKnownFileType = sourcecode.swift; path = SettingsProtocol.swift; sourceTree = "<group>"; };
		16AE04782900A12600490465 /* SettingsViewController.swift */ = {isa = PBXFileReference; fileEncoding = 4; lastKnownFileType = sourcecode.swift; path = SettingsViewController.swift; sourceTree = "<group>"; };
		16AE047A2900A12600490465 /* TabController.swift */ = {isa = PBXFileReference; fileEncoding = 4; lastKnownFileType = sourcecode.swift; path = TabController.swift; sourceTree = "<group>"; };
		16AE048E2900A12600490465 /* Base */ = {isa = PBXFileReference; lastKnownFileType = file.storyboard; name = Base; path = Base.lproj/SignStoryboard.storyboard; sourceTree = "<group>"; };
		16AE04902900A12600490465 /* LoginCoordinator.swift */ = {isa = PBXFileReference; fileEncoding = 4; lastKnownFileType = sourcecode.swift; path = LoginCoordinator.swift; sourceTree = "<group>"; };
		16AE04912900A12600490465 /* LoginProtocol.swift */ = {isa = PBXFileReference; fileEncoding = 4; lastKnownFileType = sourcecode.swift; path = LoginProtocol.swift; sourceTree = "<group>"; };
		16AE04932900A12600490465 /* LoginViewController.swift */ = {isa = PBXFileReference; fileEncoding = 4; lastKnownFileType = sourcecode.swift; path = LoginViewController.swift; sourceTree = "<group>"; };
		16AE04942900A12600490465 /* LoginViewModel.swift */ = {isa = PBXFileReference; fileEncoding = 4; lastKnownFileType = sourcecode.swift; path = LoginViewModel.swift; sourceTree = "<group>"; };
		16AE04962900A12600490465 /* LoginRepository.swift */ = {isa = PBXFileReference; fileEncoding = 4; lastKnownFileType = sourcecode.swift; path = LoginRepository.swift; sourceTree = "<group>"; };
		16AE04E52900DBD900490465 /* ReceiptTableViewCell.swift */ = {isa = PBXFileReference; lastKnownFileType = sourcecode.swift; path = ReceiptTableViewCell.swift; sourceTree = "<group>"; };
		16AE04E62900DBD900490465 /* ReceiptTableViewCell.xib */ = {isa = PBXFileReference; lastKnownFileType = file.xib; path = ReceiptTableViewCell.xib; sourceTree = "<group>"; };
		16AE04E92900DFBD00490465 /* Extension + Decimal.swift */ = {isa = PBXFileReference; lastKnownFileType = sourcecode.swift; path = "Extension + Decimal.swift"; sourceTree = "<group>"; };
		16AE04EC2900E39100490465 /* ReceiptsModel.swift */ = {isa = PBXFileReference; lastKnownFileType = sourcecode.swift; path = ReceiptsModel.swift; sourceTree = "<group>"; };
		16D80CD7290335E000A3FC5A /* GoogleService-Info.plist */ = {isa = PBXFileReference; fileEncoding = 4; lastKnownFileType = text.plist.xml; path = "GoogleService-Info.plist"; sourceTree = "<group>"; };
		16D80CDA29033A7400A3FC5A /* FirestoreRepository.swift */ = {isa = PBXFileReference; lastKnownFileType = sourcecode.swift; path = FirestoreRepository.swift; sourceTree = "<group>"; };
		16D80CDC29033AB900A3FC5A /* FirestoreConsts.swift */ = {isa = PBXFileReference; lastKnownFileType = sourcecode.swift; path = FirestoreConsts.swift; sourceTree = "<group>"; };
		16D80CDF2903567C00A3FC5A /* BugdetModel.swift */ = {isa = PBXFileReference; lastKnownFileType = sourcecode.swift; path = BugdetModel.swift; sourceTree = "<group>"; };
		16D80CE1290356BB00A3FC5A /* IngredientsModel.swift */ = {isa = PBXFileReference; lastKnownFileType = sourcecode.swift; path = IngredientsModel.swift; sourceTree = "<group>"; };
		16D80CE3290356DC00A3FC5A /* SalesModel.swift */ = {isa = PBXFileReference; lastKnownFileType = sourcecode.swift; path = SalesModel.swift; sourceTree = "<group>"; };
		16D80CE52903571E00A3FC5A /* MaterialModel.swift */ = {isa = PBXFileReference; lastKnownFileType = sourcecode.swift; path = MaterialModel.swift; sourceTree = "<group>"; };
		16D80CE72903574A00A3FC5A /* TaxeModel.swift */ = {isa = PBXFileReference; lastKnownFileType = sourcecode.swift; path = TaxeModel.swift; sourceTree = "<group>"; };
		16D80CE92903576E00A3FC5A /* ConsumptionModel.swift */ = {isa = PBXFileReference; lastKnownFileType = sourcecode.swift; path = ConsumptionModel.swift; sourceTree = "<group>"; };
		16D80CEB290357D200A3FC5A /* FirestoreId.swift */ = {isa = PBXFileReference; lastKnownFileType = sourcecode.swift; path = FirestoreId.swift; sourceTree = "<group>"; };
		16FE20AF29073657000AC718 /* TextFieldTableViewCell.swift */ = {isa = PBXFileReference; lastKnownFileType = sourcecode.swift; path = TextFieldTableViewCell.swift; sourceTree = "<group>"; };
		16FE20B029073657000AC718 /* TextFieldTableViewCell.xib */ = {isa = PBXFileReference; lastKnownFileType = file.xib; path = TextFieldTableViewCell.xib; sourceTree = "<group>"; };
		16FE20B4290737F9000AC718 /* SalesCreateViewController.swift */ = {isa = PBXFileReference; lastKnownFileType = sourcecode.swift; path = SalesCreateViewController.swift; sourceTree = "<group>"; };
		16FE20B8290739DB000AC718 /* AddItemTableViewCell.swift */ = {isa = PBXFileReference; lastKnownFileType = sourcecode.swift; path = AddItemTableViewCell.swift; sourceTree = "<group>"; };
		16FE20B9290739DB000AC718 /* AddItemTableViewCell.xib */ = {isa = PBXFileReference; lastKnownFileType = file.xib; path = AddItemTableViewCell.xib; sourceTree = "<group>"; };
		16FE20BD2907433A000AC718 /* AddButtonFooterTableViewCell.swift */ = {isa = PBXFileReference; lastKnownFileType = sourcecode.swift; path = AddButtonFooterTableViewCell.swift; sourceTree = "<group>"; };
		16FE20BE2907433A000AC718 /* AddButtonFooterTableViewCell.xib */ = {isa = PBXFileReference; lastKnownFileType = file.xib; path = AddButtonFooterTableViewCell.xib; sourceTree = "<group>"; };
		16FF36582901ED4F000DFC50 /* SaleStoryboard.storyboard */ = {isa = PBXFileReference; lastKnownFileType = file.storyboard; path = SaleStoryboard.storyboard; sourceTree = "<group>"; };
		16FF365A2901ED5F000DFC50 /* SaleDetailedViewController.swift */ = {isa = PBXFileReference; lastKnownFileType = sourcecode.swift; path = SaleDetailedViewController.swift; sourceTree = "<group>"; };
		4921D74E24EE008C70E29347 /* Pods_HowMuch.framework */ = {isa = PBXFileReference; explicitFileType = wrapper.framework; includeInIndex = 0; path = Pods_HowMuch.framework; sourceTree = BUILT_PRODUCTS_DIR; };
		4EAEA848C81209C1FBDA3C9F /* Pods-HowMuch.debug.xcconfig */ = {isa = PBXFileReference; includeInIndex = 1; lastKnownFileType = text.xcconfig; name = "Pods-HowMuch.debug.xcconfig"; path = "Target Support Files/Pods-HowMuch/Pods-HowMuch.debug.xcconfig"; sourceTree = "<group>"; };
		CC754F44828695265B9B6BD3 /* Pods-HowMuch.release.xcconfig */ = {isa = PBXFileReference; includeInIndex = 1; lastKnownFileType = text.xcconfig; name = "Pods-HowMuch.release.xcconfig"; path = "Target Support Files/Pods-HowMuch/Pods-HowMuch.release.xcconfig"; sourceTree = "<group>"; };
/* End PBXFileReference section */

/* Begin PBXFrameworksBuildPhase section */
		16AE04022900A05C00490465 /* Frameworks */ = {
			isa = PBXFrameworksBuildPhase;
			buildActionMask = 2147483647;
			files = (
				4523C970B55C09549FDF66DA /* Pods_HowMuch.framework in Frameworks */,
			);
			runOnlyForDeploymentPostprocessing = 0;
		};
/* End PBXFrameworksBuildPhase section */

/* Begin PBXGroup section */
		162B5579290B23BA000F9477 /* Listeners */ = {
			isa = PBXGroup;
			children = (
				162B557A290B23CE000F9477 /* Listeners.swift */,
			);
			path = Listeners;
			sourceTree = "<group>";
		};
		162B5582290B4A6B000F9477 /* Protocols */ = {
			isa = PBXGroup;
			children = (
				162B5583290B4A75000F9477 /* CellViewModel.swift */,
			);
			path = Protocols;
			sourceTree = "<group>";
		};
		162ECD2E290996C00005B6A4 /* Create */ = {
			isa = PBXGroup;
			children = (
				162ECD35290999970005B6A4 /* CreateDTO.swift */,
				1646642929088B31008892EB /* CreateModel.swift */,
				162ECD37290999BD0005B6A4 /* CreateItemModel.swift */,
			);
			path = Create;
			sourceTree = "<group>";
		};
		162ECD2F290996D50005B6A4 /* DTO */ = {
			isa = PBXGroup;
			children = (
				16D80CDF2903567C00A3FC5A /* BugdetModel.swift */,
				16D80CE1290356BB00A3FC5A /* IngredientsModel.swift */,
				16D80CE52903571E00A3FC5A /* MaterialModel.swift */,
				16D80CE72903574A00A3FC5A /* TaxeModel.swift */,
				16D80CE92903576E00A3FC5A /* ConsumptionModel.swift */,
				16D80CEB290357D200A3FC5A /* FirestoreId.swift */,
				162B5585290B4D83000F9477 /* Creatable.swift */,
			);
			path = DTO;
			sourceTree = "<group>";
		};
		162ECD30290996DF0005B6A4 /* Type */ = {
			isa = PBXGroup;
			children = (
				164664472908BA2A008892EB /* MeasureType.swift */,
				1646644D2908C41F008892EB /* ConsumptionType.swift */,
				164664512908C632008892EB /* NivelType.swift */,
				1646644F2908C526008892EB /* TimeType.swift */,
				1646643D2908AA5D008892EB /* MaterialsType.swift */,
				162B557E290B4818000F9477 /* MaterialsFlow.swift */,
				162ECD312909997A0005B6A4 /* ItemType.swift */,
				162ECD33290999810005B6A4 /* CreateType.swift */,
				162B557C290B2FA3000F9477 /* TextFieldTypes.swift */,
			);
			path = Type;
			sourceTree = "<group>";
		};
		1646642829088B21008892EB /* Models */ = {
			isa = PBXGroup;
			children = (
				16D80CE3290356DC00A3FC5A /* SalesModel.swift */,
			);
			path = Models;
			sourceTree = "<group>";
		};
		1646642B290892CF008892EB /* AddImage */ = {
			isa = PBXGroup;
			children = (
				162ECD3B2909E45F0005B6A4 /* AddImageViewModelCell.swift */,
				1646642C290892E0008892EB /* AddImageTableViewCell.swift */,
				1646642D290892E0008892EB /* AddImageTableViewCell.xib */,
			);
			path = AddImage;
			sourceTree = "<group>";
		};
		164664302908974F008892EB /* Materials */ = {
			isa = PBXGroup;
			children = (
				1646643A2908A7FF008892EB /* MaterialStoryboard.storyboard */,
				162ECD43290A16C90005B6A4 /* Keys.swift */,
				164664362908A6FE008892EB /* MaterialCreate */,
			);
			path = Materials;
			sourceTree = "<group>";
		};
		164664312908975D008892EB /* Cells */ = {
			isa = PBXGroup;
			children = (
				164664322908976C008892EB /* MaterialTableViewCell.swift */,
				164664332908976C008892EB /* MaterialTableViewCell.xib */,
			);
			path = Cells;
			sourceTree = "<group>";
		};
		164664362908A6FE008892EB /* MaterialCreate */ = {
			isa = PBXGroup;
			children = (
				164664372908A6FE008892EB /* MaterialCreateViewController.swift */,
				162ECD41290A16510005B6A4 /* MaterialCreateViewModel.swift */,
			);
			path = MaterialCreate;
			sourceTree = "<group>";
		};
		1646643F2908ABF5008892EB /* Selectable */ = {
			isa = PBXGroup;
			children = (
				164664402908AC02008892EB /* SelectableTableViewCell.swift */,
				164664412908AC02008892EB /* SelectableTableViewCell.xib */,
			);
			path = Selectable;
			sourceTree = "<group>";
		};
		1646644C2908C3A8008892EB /* Cells */ = {
			isa = PBXGroup;
			children = (
				162B5582290B4A6B000F9477 /* Protocols */,
				1646643F2908ABF5008892EB /* Selectable */,
				1646642B290892CF008892EB /* AddImage */,
				16FE20BC29074326000AC718 /* AddItemButtonFooter */,
				16FE20B7290739C9000AC718 /* AddItem */,
				16FE20B6290739C2000AC718 /* Item */,
				16FE20AE2907363A000AC718 /* TextField */,
			);
			path = Cells;
			sourceTree = "<group>";
		};
		1684C0D12902345E00249C7B /* SalesDetailed */ = {
			isa = PBXGroup;
			children = (
				16FF365A2901ED5F000DFC50 /* SaleDetailedViewController.swift */,
			);
			path = SalesDetailed;
			sourceTree = "<group>";
		};
		1684C0D72902404100249C7B /* ParallaxGroupedSectionHeaderTableView */ = {
			isa = PBXGroup;
			children = (
				1684C0D82902405100249C7B /* ParallaxGroupedSectionHeaderTableView.swift */,
			);
			path = ParallaxGroupedSectionHeaderTableView;
			sourceTree = "<group>";
		};
		16AE03FC2900A05C00490465 = {
			isa = PBXGroup;
			children = (
				16D80CD7290335E000A3FC5A /* GoogleService-Info.plist */,
				16AE04072900A05C00490465 /* HowMuch */,
				16AE04062900A05C00490465 /* Products */,
				1C46DEF0A05DF2D2E3193350 /* Pods */,
				CAF1CA470E78761DFFB1F175 /* Frameworks */,
			);
			sourceTree = "<group>";
		};
		16AE04062900A05C00490465 /* Products */ = {
			isa = PBXGroup;
			children = (
				16AE04052900A05C00490465 /* HowMuch.app */,
			);
			name = Products;
			sourceTree = "<group>";
		};
		16AE04072900A05C00490465 /* HowMuch */ = {
			isa = PBXGroup;
			children = (
				16AE04082900A05C00490465 /* AppDelegate.swift */,
				16AE040A2900A05C00490465 /* SceneDelegate.swift */,
				16AE043C2900A12600490465 /* Base */,
				16D80CDE2903566D00A3FC5A /* Models */,
				16D80CD929033A4B00A3FC5A /* Repositories */,
				16AE041F2900A12600490465 /* Core */,
				1646644C2908C3A8008892EB /* Cells */,
				16AE04332900A12600490465 /* Custom Class */,
				16AE04512900A12600490465 /* Modules */,
				16AE04142900A05E00490465 /* Assets.xcassets */,
				16AE04162900A05E00490465 /* LaunchScreen.storyboard */,
				16AE04192900A05E00490465 /* Info.plist */,
				16AE04112900A05C00490465 /* HowMuch.xcdatamodeld */,
			);
			path = HowMuch;
			sourceTree = "<group>";
		};
		16AE041F2900A12600490465 /* Core */ = {
			isa = PBXGroup;
			children = (
				162B5579290B23BA000F9477 /* Listeners */,
				16AE04202900A12600490465 /* AppLauncher.swift */,
				16AE04212900A12600490465 /* Button */,
				16AE04232900A12600490465 /* DateHelper */,
				16AE04252900A12600490465 /* Extensions */,
				16AE042C2900A12600490465 /* Launcher.swift */,
				16AE042D2900A12600490465 /* Registering */,
				16AE042F2900A12600490465 /* Services */,
				16AE04312900A12600490465 /* Validator */,
			);
			path = Core;
			sourceTree = "<group>";
		};
		16AE04212900A12600490465 /* Button */ = {
			isa = PBXGroup;
			children = (
				16AE04222900A12600490465 /* SNButton.swift */,
			);
			path = Button;
			sourceTree = "<group>";
		};
		16AE04232900A12600490465 /* DateHelper */ = {
			isa = PBXGroup;
			children = (
				16AE04242900A12600490465 /* DateHelper.swift */,
			);
			path = DateHelper;
			sourceTree = "<group>";
		};
		16AE04252900A12600490465 /* Extensions */ = {
			isa = PBXGroup;
			children = (
				16AE04262900A12600490465 /* Extension + Data.swift */,
				16AE04272900A12600490465 /* Extension + Dictionary.swift */,
				16AE04282900A12600490465 /* Extension + String.swift */,
				16AE04292900A12600490465 /* Extension + Table.swift */,
				16AE042A2900A12600490465 /* Extension + UIColor.swift */,
				16AE042B2900A12600490465 /* Extension + UIImage.swift */,
				16AE04E92900DFBD00490465 /* Extension + Decimal.swift */,
				162B5587290B75C6000F9477 /* Extension + Double.swift */,
			);
			path = Extensions;
			sourceTree = "<group>";
		};
		16AE042D2900A12600490465 /* Registering */ = {
			isa = PBXGroup;
			children = (
				16AE042E2900A12600490465 /* Registering.swift */,
			);
			path = Registering;
			sourceTree = "<group>";
		};
		16AE042F2900A12600490465 /* Services */ = {
			isa = PBXGroup;
			children = (
				16AE04302900A12600490465 /* Service.swift */,
			);
			path = Services;
			sourceTree = "<group>";
		};
		16AE04312900A12600490465 /* Validator */ = {
			isa = PBXGroup;
			children = (
				16AE04322900A12600490465 /* Validator.swift */,
			);
			path = Validator;
			sourceTree = "<group>";
		};
		16AE04332900A12600490465 /* Custom Class */ = {
			isa = PBXGroup;
			children = (
				1684C0D72902404100249C7B /* ParallaxGroupedSectionHeaderTableView */,
				16AE04342900A12600490465 /* Status */,
				16AE04382900A12600490465 /* Tag */,
			);
			path = "Custom Class";
			sourceTree = "<group>";
		};
		16AE04342900A12600490465 /* Status */ = {
			isa = PBXGroup;
			children = (
				16AE04352900A12600490465 /* Status.swift */,
				16AE04362900A12600490465 /* StatusView.swift */,
				16AE04372900A12600490465 /* StatusView.xib */,
			);
			path = Status;
			sourceTree = "<group>";
		};
		16AE04382900A12600490465 /* Tag */ = {
			isa = PBXGroup;
			children = (
				16AE04392900A12600490465 /* EventTag.swift */,
				16AE043A2900A12600490465 /* TagView.swift */,
				16AE043B2900A12600490465 /* TagView.xib */,
			);
			path = Tag;
			sourceTree = "<group>";
		};
		16AE043C2900A12600490465 /* Base */ = {
			isa = PBXGroup;
			children = (
				16AE043D2900A12600490465 /* Refresh Token */,
				16AE04412900A12600490465 /* Sanada.swift */,
				16AE04422900A12600490465 /* Service */,
				16AE04482900A12600490465 /* SNCoordinator.swift */,
				16AE04492900A12600490465 /* ViewController */,
				16AE044D2900A12600490465 /* ViewModel */,
			);
			path = Base;
			sourceTree = "<group>";
		};
		16AE043D2900A12600490465 /* Refresh Token */ = {
			isa = PBXGroup;
			children = (
				16AE043E2900A12600490465 /* SNRefresher.swift */,
				16AE043F2900A12600490465 /* SNRefreshTokenModel.swift */,
				16AE04402900A12600490465 /* SNRefreshTokenService.swift */,
			);
			path = "Refresh Token";
			sourceTree = "<group>";
		};
		16AE04422900A12600490465 /* Service */ = {
			isa = PBXGroup;
			children = (
				16AE04432900A12600490465 /* SNImageDownloader.swift */,
				16AE04442900A12600490465 /* SNNetworkManager.swift */,
				16AE04452900A12600490465 /* SNNetworkMethod.swift */,
				16AE04462900A12600490465 /* SNNetworkTask.swift */,
				16AE04472900A12600490465 /* SNRequestable.swift */,
			);
			path = Service;
			sourceTree = "<group>";
		};
		16AE04492900A12600490465 /* ViewController */ = {
			isa = PBXGroup;
			children = (
				16AE044A2900A12600490465 /* SNStateful.swift */,
				16AE044B2900A12600490465 /* SNViewController.swift */,
				16AE044C2900A12600490465 /* SNViewControllerProtocol.swift */,
			);
			path = ViewController;
			sourceTree = "<group>";
		};
		16AE044D2900A12600490465 /* ViewModel */ = {
			isa = PBXGroup;
			children = (
				16AE044E2900A12600490465 /* SNDynamic.swift */,
				16AE044F2900A12600490465 /* SNViewModel.swift */,
				16AE04502900A12600490465 /* SNViewModelProtocol.swift */,
			);
			path = ViewModel;
			sourceTree = "<group>";
		};
		16AE04512900A12600490465 /* Modules */ = {
			isa = PBXGroup;
			children = (
				16AE048C2900A12600490465 /* Sign */,
				16AE04522900A12600490465 /* Main */,
				16FF36572901ED2D000DFC50 /* Sales */,
				164664302908974F008892EB /* Materials */,
			);
			path = Modules;
			sourceTree = "<group>";
		};
		16AE04522900A12600490465 /* Main */ = {
			isa = PBXGroup;
			children = (
				16AE04532900A12600490465 /* Coordinator */,
				16AE04622900A12600490465 /* MainStoryboard.storyboard */,
				16AE04562900A12600490465 /* My Receipts */,
				16AE04632900A12600490465 /* Materials */,
				16AE046B2900A12600490465 /* Estimate */,
				16AE04742900A12600490465 /* Settings */,
				16AE04792900A12600490465 /* TabBar */,
			);
			path = Main;
			sourceTree = "<group>";
		};
		16AE04532900A12600490465 /* Coordinator */ = {
			isa = PBXGroup;
			children = (
				16AE04542900A12600490465 /* MainCoordinator.swift */,
				16AE04552900A12600490465 /* MainProtocol.swift */,
			);
			path = Coordinator;
			sourceTree = "<group>";
		};
		16AE04562900A12600490465 /* My Receipts */ = {
			isa = PBXGroup;
			children = (
				16AE04EB2900E38500490465 /* Models */,
				16AE04E42900DBC300490465 /* Cell */,
				16AE045D2900A12600490465 /* Coordinator */,
				16AE04602900A12600490465 /* MyReceiptViewController.swift */,
				16AE04612900A12600490465 /* MyReceiptViewModel.swift */,
			);
			path = "My Receipts";
			sourceTree = "<group>";
		};
		16AE045D2900A12600490465 /* Coordinator */ = {
			isa = PBXGroup;
			children = (
				16AE045E2900A12600490465 /* MyReceiptCoordinator.swift */,
				16AE045F2900A12600490465 /* MyReceiptProtocol.swift */,
			);
			path = Coordinator;
			sourceTree = "<group>";
		};
		16AE04632900A12600490465 /* Materials */ = {
			isa = PBXGroup;
			children = (
				164664312908975D008892EB /* Cells */,
				16AE04672900A12600490465 /* Coordinator */,
				16AE046A2900A12600490465 /* MaterialsViewController.swift */,
			);
			path = Materials;
			sourceTree = "<group>";
		};
		16AE04672900A12600490465 /* Coordinator */ = {
			isa = PBXGroup;
			children = (
				16AE04682900A12600490465 /* MaterialsCoordinator.swift */,
				16AE04692900A12600490465 /* MaterialsProtocol.swift */,
			);
			path = Coordinator;
			sourceTree = "<group>";
		};
		16AE046B2900A12600490465 /* Estimate */ = {
			isa = PBXGroup;
			children = (
				16AE046C2900A12600490465 /* Cell */,
				16AE046F2900A12600490465 /* Coordinator */,
				16AE04722900A12600490465 /* EstimateViewController.swift */,
			);
			path = Estimate;
			sourceTree = "<group>";
		};
		16AE046C2900A12600490465 /* Cell */ = {
			isa = PBXGroup;
			children = (
				16AE046D2900A12600490465 /* EstimateTableViewCell.swift */,
				16AE046E2900A12600490465 /* EstimateTableViewCell.xib */,
			);
			path = Cell;
			sourceTree = "<group>";
		};
		16AE046F2900A12600490465 /* Coordinator */ = {
			isa = PBXGroup;
			children = (
				16AE04702900A12600490465 /* EstimateCoordinator.swift */,
				16AE04712900A12600490465 /* EstimateProtocol.swift */,
			);
			path = Coordinator;
			sourceTree = "<group>";
		};
		16AE04742900A12600490465 /* Settings */ = {
			isa = PBXGroup;
			children = (
				16AE04752900A12600490465 /* Coordinator */,
				16AE04782900A12600490465 /* SettingsViewController.swift */,
			);
			path = Settings;
			sourceTree = "<group>";
		};
		16AE04752900A12600490465 /* Coordinator */ = {
			isa = PBXGroup;
			children = (
				16AE04762900A12600490465 /* SettingsCoordinator.swift */,
				16AE04772900A12600490465 /* SettingsProtocol.swift */,
			);
			path = Coordinator;
			sourceTree = "<group>";
		};
		16AE04792900A12600490465 /* TabBar */ = {
			isa = PBXGroup;
			children = (
				16AE047A2900A12600490465 /* TabController.swift */,
			);
			path = TabBar;
			sourceTree = "<group>";
		};
		16AE048C2900A12600490465 /* Sign */ = {
			isa = PBXGroup;
			children = (
				16AE048D2900A12600490465 /* SignStoryboard.storyboard */,
				16AE048F2900A12600490465 /* Coordinator */,
				16AE04922900A12600490465 /* Login */,
				16AE04952900A12600490465 /* Service */,
			);
			path = Sign;
			sourceTree = "<group>";
		};
		16AE048F2900A12600490465 /* Coordinator */ = {
			isa = PBXGroup;
			children = (
				16AE04902900A12600490465 /* LoginCoordinator.swift */,
				16AE04912900A12600490465 /* LoginProtocol.swift */,
			);
			path = Coordinator;
			sourceTree = "<group>";
		};
		16AE04922900A12600490465 /* Login */ = {
			isa = PBXGroup;
			children = (
				16AE04932900A12600490465 /* LoginViewController.swift */,
				16AE04942900A12600490465 /* LoginViewModel.swift */,
			);
			path = Login;
			sourceTree = "<group>";
		};
		16AE04952900A12600490465 /* Service */ = {
			isa = PBXGroup;
			children = (
				16AE04962900A12600490465 /* LoginRepository.swift */,
			);
			path = Service;
			sourceTree = "<group>";
		};
		16AE04E42900DBC300490465 /* Cell */ = {
			isa = PBXGroup;
			children = (
				16AE04E52900DBD900490465 /* ReceiptTableViewCell.swift */,
				16AE04E62900DBD900490465 /* ReceiptTableViewCell.xib */,
			);
			path = Cell;
			sourceTree = "<group>";
		};
		16AE04EB2900E38500490465 /* Models */ = {
			isa = PBXGroup;
			children = (
				16AE04EC2900E39100490465 /* ReceiptsModel.swift */,
			);
			path = Models;
			sourceTree = "<group>";
		};
		16D80CD929033A4B00A3FC5A /* Repositories */ = {
			isa = PBXGroup;
			children = (
				16D80CDA29033A7400A3FC5A /* FirestoreRepository.swift */,
				16D80CDC29033AB900A3FC5A /* FirestoreConsts.swift */,
			);
			path = Repositories;
			sourceTree = "<group>";
		};
		16D80CDE2903566D00A3FC5A /* Models */ = {
			isa = PBXGroup;
			children = (
				162ECD2E290996C00005B6A4 /* Create */,
				162ECD2F290996D50005B6A4 /* DTO */,
				162ECD30290996DF0005B6A4 /* Type */,
				162B5580290B4A5F000F9477 /* KeyValue.swift */,
			);
			path = Models;
			sourceTree = "<group>";
		};
		16FE20AE2907363A000AC718 /* TextField */ = {
			isa = PBXGroup;
			children = (
				162ECD3D2909E5150005B6A4 /* TextFieldViewModelCell.swift */,
				162ECD3F2909E6BA0005B6A4 /* TextFieldIOProtocol.swift */,
				16FE20AF29073657000AC718 /* TextFieldTableViewCell.swift */,
				16FE20B029073657000AC718 /* TextFieldTableViewCell.xib */,
			);
			path = TextField;
			sourceTree = "<group>";
		};
		16FE20B3290737D5000AC718 /* SalesCreate */ = {
			isa = PBXGroup;
			children = (
				1646642829088B21008892EB /* Models */,
				16FE20B4290737F9000AC718 /* SalesCreateViewController.swift */,
			);
			path = SalesCreate;
			sourceTree = "<group>";
		};
		16FE20B6290739C2000AC718 /* Item */ = {
			isa = PBXGroup;
			children = (
				1684C0D3290234A100249C7B /* ItemTableViewCell.swift */,
				1684C0D4290234A100249C7B /* ItemTableViewCell.xib */,
			);
			path = Item;
			sourceTree = "<group>";
		};
		16FE20B7290739C9000AC718 /* AddItem */ = {
			isa = PBXGroup;
			children = (
				162ECD392909E4520005B6A4 /* AddItemViewModelCell.swift */,
				16FE20B8290739DB000AC718 /* AddItemTableViewCell.swift */,
				16FE20B9290739DB000AC718 /* AddItemTableViewCell.xib */,
			);
			path = AddItem;
			sourceTree = "<group>";
		};
		16FE20BC29074326000AC718 /* AddItemButtonFooter */ = {
			isa = PBXGroup;
			children = (
				16FE20BD2907433A000AC718 /* AddButtonFooterTableViewCell.swift */,
				16FE20BE2907433A000AC718 /* AddButtonFooterTableViewCell.xib */,
			);
			path = AddItemButtonFooter;
			sourceTree = "<group>";
		};
		16FF36572901ED2D000DFC50 /* Sales */ = {
			isa = PBXGroup;
			children = (
				16FF36582901ED4F000DFC50 /* SaleStoryboard.storyboard */,
				1684C0D12902345E00249C7B /* SalesDetailed */,
				16FE20B3290737D5000AC718 /* SalesCreate */,
			);
			path = Sales;
			sourceTree = "<group>";
		};
		1C46DEF0A05DF2D2E3193350 /* Pods */ = {
			isa = PBXGroup;
			children = (
				4EAEA848C81209C1FBDA3C9F /* Pods-HowMuch.debug.xcconfig */,
				CC754F44828695265B9B6BD3 /* Pods-HowMuch.release.xcconfig */,
			);
			path = Pods;
			sourceTree = "<group>";
		};
		CAF1CA470E78761DFFB1F175 /* Frameworks */ = {
			isa = PBXGroup;
			children = (
				4921D74E24EE008C70E29347 /* Pods_HowMuch.framework */,
			);
			name = Frameworks;
			sourceTree = "<group>";
		};
/* End PBXGroup section */

/* Begin PBXNativeTarget section */
		16AE04042900A05C00490465 /* HowMuch */ = {
			isa = PBXNativeTarget;
			buildConfigurationList = 16AE041C2900A05E00490465 /* Build configuration list for PBXNativeTarget "HowMuch" */;
			buildPhases = (
				FDC8C8DEE0762C2E284C5F86 /* [CP] Check Pods Manifest.lock */,
				16AE04012900A05C00490465 /* Sources */,
				16AE04022900A05C00490465 /* Frameworks */,
				16AE04032900A05C00490465 /* Resources */,
				5320C2CBB59F4CAEC7F18827 /* [CP] Embed Pods Frameworks */,
			);
			buildRules = (
			);
			dependencies = (
			);
			name = HowMuch;
			productName = HowMuch;
			productReference = 16AE04052900A05C00490465 /* HowMuch.app */;
			productType = "com.apple.product-type.application";
		};
/* End PBXNativeTarget section */

/* Begin PBXProject section */
		16AE03FD2900A05C00490465 /* Project object */ = {
			isa = PBXProject;
			attributes = {
				BuildIndependentTargetsInParallel = 1;
				LastSwiftUpdateCheck = 1400;
				LastUpgradeCheck = 1400;
				TargetAttributes = {
					16AE04042900A05C00490465 = {
						CreatedOnToolsVersion = 14.0;
					};
				};
			};
			buildConfigurationList = 16AE04002900A05C00490465 /* Build configuration list for PBXProject "HowMuch" */;
			compatibilityVersion = "Xcode 13.0";
			developmentRegion = en;
			hasScannedForEncodings = 0;
			knownRegions = (
				en,
				Base,
			);
			mainGroup = 16AE03FC2900A05C00490465;
			productRefGroup = 16AE04062900A05C00490465 /* Products */;
			projectDirPath = "";
			projectRoot = "";
			targets = (
				16AE04042900A05C00490465 /* HowMuch */,
			);
		};
/* End PBXProject section */

/* Begin PBXResourcesBuildPhase section */
		16AE04032900A05C00490465 /* Resources */ = {
			isa = PBXResourcesBuildPhase;
			buildActionMask = 2147483647;
			files = (
				16FE20C02907433A000AC718 /* AddButtonFooterTableViewCell.xib in Resources */,
				16AE04C32900A12700490465 /* MainStoryboard.storyboard in Resources */,
				16AE04A62900A12600490465 /* StatusView.xib in Resources */,
				1646643B2908A7FF008892EB /* MaterialStoryboard.storyboard in Resources */,
				16AE04CA2900A12700490465 /* EstimateTableViewCell.xib in Resources */,
				16FE20B229073657000AC718 /* TextFieldTableViewCell.xib in Resources */,
				1684C0D6290234A100249C7B /* ItemTableViewCell.xib in Resources */,
				16AE04DE2900A12700490465 /* SignStoryboard.storyboard in Resources */,
				16D80CD8290335E000A3FC5A /* GoogleService-Info.plist in Resources */,
				16AE04182900A05E00490465 /* LaunchScreen.storyboard in Resources */,
				1646642F290892E0008892EB /* AddImageTableViewCell.xib in Resources */,
				164664352908976C008892EB /* MaterialTableViewCell.xib in Resources */,
				16FE20BB290739DC000AC718 /* AddItemTableViewCell.xib in Resources */,
				16AE04152900A05E00490465 /* Assets.xcassets in Resources */,
				16AE04E82900DBD900490465 /* ReceiptTableViewCell.xib in Resources */,
				164664432908AC02008892EB /* SelectableTableViewCell.xib in Resources */,
				16FF36592901ED4F000DFC50 /* SaleStoryboard.storyboard in Resources */,
				16AE04A92900A12600490465 /* TagView.xib in Resources */,
			);
			runOnlyForDeploymentPostprocessing = 0;
		};
/* End PBXResourcesBuildPhase section */

/* Begin PBXShellScriptBuildPhase section */
		5320C2CBB59F4CAEC7F18827 /* [CP] Embed Pods Frameworks */ = {
			isa = PBXShellScriptBuildPhase;
			buildActionMask = 2147483647;
			files = (
			);
			inputFileListPaths = (
				"${PODS_ROOT}/Target Support Files/Pods-HowMuch/Pods-HowMuch-frameworks-${CONFIGURATION}-input-files.xcfilelist",
			);
			name = "[CP] Embed Pods Frameworks";
			outputFileListPaths = (
				"${PODS_ROOT}/Target Support Files/Pods-HowMuch/Pods-HowMuch-frameworks-${CONFIGURATION}-output-files.xcfilelist",
			);
			runOnlyForDeploymentPostprocessing = 0;
			shellPath = /bin/sh;
			shellScript = "\"${PODS_ROOT}/Target Support Files/Pods-HowMuch/Pods-HowMuch-frameworks.sh\"\n";
			showEnvVarsInLog = 0;
		};
		FDC8C8DEE0762C2E284C5F86 /* [CP] Check Pods Manifest.lock */ = {
			isa = PBXShellScriptBuildPhase;
			buildActionMask = 2147483647;
			files = (
			);
			inputFileListPaths = (
			);
			inputPaths = (
				"${PODS_PODFILE_DIR_PATH}/Podfile.lock",
				"${PODS_ROOT}/Manifest.lock",
			);
			name = "[CP] Check Pods Manifest.lock";
			outputFileListPaths = (
			);
			outputPaths = (
				"$(DERIVED_FILE_DIR)/Pods-HowMuch-checkManifestLockResult.txt",
			);
			runOnlyForDeploymentPostprocessing = 0;
			shellPath = /bin/sh;
			shellScript = "diff \"${PODS_PODFILE_DIR_PATH}/Podfile.lock\" \"${PODS_ROOT}/Manifest.lock\" > /dev/null\nif [ $? != 0 ] ; then\n    # print error to STDERR\n    echo \"error: The sandbox is not in sync with the Podfile.lock. Run 'pod install' or update your CocoaPods installation.\" >&2\n    exit 1\nfi\n# This output is used by Xcode 'outputs' to avoid re-running this script phase.\necho \"SUCCESS\" > \"${SCRIPT_OUTPUT_FILE_0}\"\n";
			showEnvVarsInLog = 0;
		};
/* End PBXShellScriptBuildPhase section */

/* Begin PBXSourcesBuildPhase section */
		16AE04012900A05C00490465 /* Sources */ = {
			isa = PBXSourcesBuildPhase;
			buildActionMask = 2147483647;
			files = (
				1684C0D92902405100249C7B /* ParallaxGroupedSectionHeaderTableView.swift in Sources */,
				16FE20B5290737F9000AC718 /* SalesCreateViewController.swift in Sources */,
				16AE04AB2900A12600490465 /* SNRefreshTokenModel.swift in Sources */,
				164664422908AC02008892EB /* SelectableTableViewCell.swift in Sources */,
				1646644E2908C41F008892EB /* ConsumptionType.swift in Sources */,
				16AE04A72900A12600490465 /* EventTag.swift in Sources */,
				16AE04B42900A12600490465 /* SNStateful.swift in Sources */,
				162ECD42290A16510005B6A4 /* MaterialCreateViewModel.swift in Sources */,
				1646642E290892E0008892EB /* AddImageTableViewCell.swift in Sources */,
				1646643C2908A812008892EB /* MaterialCreateViewController.swift in Sources */,
				162B5584290B4A75000F9477 /* CellViewModel.swift in Sources */,
				16FF365B2901ED5F000DFC50 /* SaleDetailedViewController.swift in Sources */,
				16FE20BF2907433A000AC718 /* AddButtonFooterTableViewCell.swift in Sources */,
				16D80CE82903574A00A3FC5A /* TaxeModel.swift in Sources */,
				164664522908C632008892EB /* NivelType.swift in Sources */,
				162ECD3A2909E4520005B6A4 /* AddItemViewModelCell.swift in Sources */,
				1684C0D5290234A100249C7B /* ItemTableViewCell.swift in Sources */,
				16D80CE4290356DC00A3FC5A /* SalesModel.swift in Sources */,
				16AE04B92900A12600490465 /* SNViewModelProtocol.swift in Sources */,
				16AE04CB2900A12700490465 /* EstimateCoordinator.swift in Sources */,
				16AE04BB2900A12600490465 /* MainProtocol.swift in Sources */,
				16AE04A32900A12600490465 /* Validator.swift in Sources */,
				162B5588290B75C6000F9477 /* Extension + Double.swift in Sources */,
				162ECD36290999970005B6A4 /* CreateDTO.swift in Sources */,
				16AE04AA2900A12600490465 /* SNRefresher.swift in Sources */,
				16D80CDB29033A7400A3FC5A /* FirestoreRepository.swift in Sources */,
				162B557F290B4818000F9477 /* MaterialsFlow.swift in Sources */,
				16AE04092900A05C00490465 /* AppDelegate.swift in Sources */,
				16AE04AF2900A12600490465 /* SNNetworkManager.swift in Sources */,
				16AE04D02900A12700490465 /* SettingsProtocol.swift in Sources */,
				16AE04A52900A12600490465 /* StatusView.swift in Sources */,
				16AE040B2900A05C00490465 /* SceneDelegate.swift in Sources */,
				16AE04AD2900A12600490465 /* Sanada.swift in Sources */,
				16AE04CC2900A12700490465 /* EstimateProtocol.swift in Sources */,
				16AE04A42900A12600490465 /* Status.swift in Sources */,
				16AE04AE2900A12600490465 /* SNImageDownloader.swift in Sources */,
				16AE04A22900A12600490465 /* Service.swift in Sources */,
				162ECD3C2909E45F0005B6A4 /* AddImageViewModelCell.swift in Sources */,
				162B5581290B4A5F000F9477 /* KeyValue.swift in Sources */,
				16AE04132900A05C00490465 /* HowMuch.xcdatamodeld in Sources */,
				16AE04B72900A12600490465 /* SNDynamic.swift in Sources */,
				16D80CEA2903576E00A3FC5A /* ConsumptionModel.swift in Sources */,
				16AE04B32900A12600490465 /* SNCoordinator.swift in Sources */,
				16AE04E22900A12700490465 /* LoginViewModel.swift in Sources */,
				16AE04C12900A12700490465 /* MyReceiptViewController.swift in Sources */,
				16D80CEC290357D200A3FC5A /* FirestoreId.swift in Sources */,
				164664342908976C008892EB /* MaterialTableViewCell.swift in Sources */,
				16D80CE2290356BB00A3FC5A /* IngredientsModel.swift in Sources */,
				16AE04D12900A12700490465 /* SettingsViewController.swift in Sources */,
				16AE04E72900DBD900490465 /* ReceiptTableViewCell.swift in Sources */,
				164664502908C526008892EB /* TimeType.swift in Sources */,
				162ECD44290A16C90005B6A4 /* Keys.swift in Sources */,
				16AE04BA2900A12600490465 /* MainCoordinator.swift in Sources */,
				162ECD34290999810005B6A4 /* CreateType.swift in Sources */,
				16AE04992900A12600490465 /* DateHelper.swift in Sources */,
				16AE04B62900A12600490465 /* SNViewControllerProtocol.swift in Sources */,
				16AE04C22900A12700490465 /* MyReceiptViewModel.swift in Sources */,
				16AE04B22900A12600490465 /* SNRequestable.swift in Sources */,
				16AE04B82900A12600490465 /* SNViewModel.swift in Sources */,
				16D80CDD29033AB900A3FC5A /* FirestoreConsts.swift in Sources */,
				162ECD322909997A0005B6A4 /* ItemType.swift in Sources */,
				16AE04B52900A12600490465 /* SNViewController.swift in Sources */,
				162ECD3E2909E5150005B6A4 /* TextFieldViewModelCell.swift in Sources */,
				16AE04B02900A12600490465 /* SNNetworkMethod.swift in Sources */,
				16AE049D2900A12600490465 /* Extension + Table.swift in Sources */,
				16AE04C92900A12700490465 /* EstimateTableViewCell.swift in Sources */,
				16D80CE62903571E00A3FC5A /* MaterialModel.swift in Sources */,
				16AE04C82900A12700490465 /* MaterialsViewController.swift in Sources */,
				16AE04972900A12600490465 /* AppLauncher.swift in Sources */,
				16AE04C02900A12700490465 /* MyReceiptProtocol.swift in Sources */,
				16AE04A82900A12600490465 /* TagView.swift in Sources */,
				16AE049C2900A12600490465 /* Extension + String.swift in Sources */,
				1646642A29088B31008892EB /* CreateModel.swift in Sources */,
				162B557D290B2FA3000F9477 /* TextFieldTypes.swift in Sources */,
				16AE04E32900A12700490465 /* LoginRepository.swift in Sources */,
				16AE049E2900A12600490465 /* Extension + UIColor.swift in Sources */,
				162ECD38290999BD0005B6A4 /* CreateItemModel.swift in Sources */,
				16FE20B129073657000AC718 /* TextFieldTableViewCell.swift in Sources */,
				16AE04DF2900A12700490465 /* LoginCoordinator.swift in Sources */,
				16AE04CD2900A12700490465 /* EstimateViewController.swift in Sources */,
				16FE20BA290739DC000AC718 /* AddItemTableViewCell.swift in Sources */,
				16AE04C62900A12700490465 /* MaterialsCoordinator.swift in Sources */,
				162ECD402909E6BA0005B6A4 /* TextFieldIOProtocol.swift in Sources */,
				1646643E2908AA5D008892EB /* MaterialsType.swift in Sources */,
				16AE04E02900A12700490465 /* LoginProtocol.swift in Sources */,
				16AE04AC2900A12600490465 /* SNRefreshTokenService.swift in Sources */,
				16AE049B2900A12600490465 /* Extension + Dictionary.swift in Sources */,
				16AE04A12900A12600490465 /* Registering.swift in Sources */,
				164664482908BA2A008892EB /* MeasureType.swift in Sources */,
				16AE049F2900A12600490465 /* Extension + UIImage.swift in Sources */,
				16AE04C72900A12700490465 /* MaterialsProtocol.swift in Sources */,
				16AE04B12900A12600490465 /* SNNetworkTask.swift in Sources */,
				16AE04CF2900A12700490465 /* SettingsCoordinator.swift in Sources */,
				16AE04BF2900A12700490465 /* MyReceiptCoordinator.swift in Sources */,
				16AE04982900A12600490465 /* SNButton.swift in Sources */,
				16AE04E12900A12700490465 /* LoginViewController.swift in Sources */,
				162B557B290B23CE000F9477 /* Listeners.swift in Sources */,
				16AE04EA2900DFBD00490465 /* Extension + Decimal.swift in Sources */,
				162B5586290B4D83000F9477 /* Creatable.swift in Sources */,
				16AE04A02900A12600490465 /* Launcher.swift in Sources */,
				16D80CE02903567C00A3FC5A /* BugdetModel.swift in Sources */,
				16AE04D22900A12700490465 /* TabController.swift in Sources */,
				16AE04ED2900E39100490465 /* ReceiptsModel.swift in Sources */,
				16AE049A2900A12600490465 /* Extension + Data.swift in Sources */,
			);
			runOnlyForDeploymentPostprocessing = 0;
		};
/* End PBXSourcesBuildPhase section */

/* Begin PBXVariantGroup section */
		16AE04162900A05E00490465 /* LaunchScreen.storyboard */ = {
			isa = PBXVariantGroup;
			children = (
				16AE04172900A05E00490465 /* Base */,
			);
			name = LaunchScreen.storyboard;
			sourceTree = "<group>";
		};
		16AE048D2900A12600490465 /* SignStoryboard.storyboard */ = {
			isa = PBXVariantGroup;
			children = (
				16AE048E2900A12600490465 /* Base */,
			);
			name = SignStoryboard.storyboard;
			sourceTree = "<group>";
		};
/* End PBXVariantGroup section */

/* Begin XCBuildConfiguration section */
		16AE041A2900A05E00490465 /* Debug */ = {
			isa = XCBuildConfiguration;
			buildSettings = {
				ALWAYS_SEARCH_USER_PATHS = NO;
				CLANG_ANALYZER_NONNULL = YES;
				CLANG_ANALYZER_NUMBER_OBJECT_CONVERSION = YES_AGGRESSIVE;
				CLANG_CXX_LANGUAGE_STANDARD = "gnu++20";
				CLANG_ENABLE_MODULES = YES;
				CLANG_ENABLE_OBJC_ARC = YES;
				CLANG_ENABLE_OBJC_WEAK = YES;
				CLANG_WARN_BLOCK_CAPTURE_AUTORELEASING = YES;
				CLANG_WARN_BOOL_CONVERSION = YES;
				CLANG_WARN_COMMA = YES;
				CLANG_WARN_CONSTANT_CONVERSION = YES;
				CLANG_WARN_DEPRECATED_OBJC_IMPLEMENTATIONS = YES;
				CLANG_WARN_DIRECT_OBJC_ISA_USAGE = YES_ERROR;
				CLANG_WARN_DOCUMENTATION_COMMENTS = YES;
				CLANG_WARN_EMPTY_BODY = YES;
				CLANG_WARN_ENUM_CONVERSION = YES;
				CLANG_WARN_INFINITE_RECURSION = YES;
				CLANG_WARN_INT_CONVERSION = YES;
				CLANG_WARN_NON_LITERAL_NULL_CONVERSION = YES;
				CLANG_WARN_OBJC_IMPLICIT_RETAIN_SELF = YES;
				CLANG_WARN_OBJC_LITERAL_CONVERSION = YES;
				CLANG_WARN_OBJC_ROOT_CLASS = YES_ERROR;
				CLANG_WARN_QUOTED_INCLUDE_IN_FRAMEWORK_HEADER = YES;
				CLANG_WARN_RANGE_LOOP_ANALYSIS = YES;
				CLANG_WARN_STRICT_PROTOTYPES = YES;
				CLANG_WARN_SUSPICIOUS_MOVE = YES;
				CLANG_WARN_UNGUARDED_AVAILABILITY = YES_AGGRESSIVE;
				CLANG_WARN_UNREACHABLE_CODE = YES;
				CLANG_WARN__DUPLICATE_METHOD_MATCH = YES;
				COPY_PHASE_STRIP = NO;
				DEBUG_INFORMATION_FORMAT = dwarf;
				ENABLE_STRICT_OBJC_MSGSEND = YES;
				ENABLE_TESTABILITY = YES;
				GCC_C_LANGUAGE_STANDARD = gnu11;
				GCC_DYNAMIC_NO_PIC = NO;
				GCC_NO_COMMON_BLOCKS = YES;
				GCC_OPTIMIZATION_LEVEL = 0;
				GCC_PREPROCESSOR_DEFINITIONS = (
					"DEBUG=1",
					"$(inherited)",
				);
				GCC_WARN_64_TO_32_BIT_CONVERSION = YES;
				GCC_WARN_ABOUT_RETURN_TYPE = YES_ERROR;
				GCC_WARN_UNDECLARED_SELECTOR = YES;
				GCC_WARN_UNINITIALIZED_AUTOS = YES_AGGRESSIVE;
				GCC_WARN_UNUSED_FUNCTION = YES;
				GCC_WARN_UNUSED_VARIABLE = YES;
				IPHONEOS_DEPLOYMENT_TARGET = 14.0;
				MTL_ENABLE_DEBUG_INFO = INCLUDE_SOURCE;
				MTL_FAST_MATH = YES;
				ONLY_ACTIVE_ARCH = YES;
				SDKROOT = iphoneos;
				SWIFT_ACTIVE_COMPILATION_CONDITIONS = DEBUG;
				SWIFT_OPTIMIZATION_LEVEL = "-Onone";
			};
			name = Debug;
		};
		16AE041B2900A05E00490465 /* Release */ = {
			isa = XCBuildConfiguration;
			buildSettings = {
				ALWAYS_SEARCH_USER_PATHS = NO;
				CLANG_ANALYZER_NONNULL = YES;
				CLANG_ANALYZER_NUMBER_OBJECT_CONVERSION = YES_AGGRESSIVE;
				CLANG_CXX_LANGUAGE_STANDARD = "gnu++20";
				CLANG_ENABLE_MODULES = YES;
				CLANG_ENABLE_OBJC_ARC = YES;
				CLANG_ENABLE_OBJC_WEAK = YES;
				CLANG_WARN_BLOCK_CAPTURE_AUTORELEASING = YES;
				CLANG_WARN_BOOL_CONVERSION = YES;
				CLANG_WARN_COMMA = YES;
				CLANG_WARN_CONSTANT_CONVERSION = YES;
				CLANG_WARN_DEPRECATED_OBJC_IMPLEMENTATIONS = YES;
				CLANG_WARN_DIRECT_OBJC_ISA_USAGE = YES_ERROR;
				CLANG_WARN_DOCUMENTATION_COMMENTS = YES;
				CLANG_WARN_EMPTY_BODY = YES;
				CLANG_WARN_ENUM_CONVERSION = YES;
				CLANG_WARN_INFINITE_RECURSION = YES;
				CLANG_WARN_INT_CONVERSION = YES;
				CLANG_WARN_NON_LITERAL_NULL_CONVERSION = YES;
				CLANG_WARN_OBJC_IMPLICIT_RETAIN_SELF = YES;
				CLANG_WARN_OBJC_LITERAL_CONVERSION = YES;
				CLANG_WARN_OBJC_ROOT_CLASS = YES_ERROR;
				CLANG_WARN_QUOTED_INCLUDE_IN_FRAMEWORK_HEADER = YES;
				CLANG_WARN_RANGE_LOOP_ANALYSIS = YES;
				CLANG_WARN_STRICT_PROTOTYPES = YES;
				CLANG_WARN_SUSPICIOUS_MOVE = YES;
				CLANG_WARN_UNGUARDED_AVAILABILITY = YES_AGGRESSIVE;
				CLANG_WARN_UNREACHABLE_CODE = YES;
				CLANG_WARN__DUPLICATE_METHOD_MATCH = YES;
				COPY_PHASE_STRIP = NO;
				DEBUG_INFORMATION_FORMAT = "dwarf-with-dsym";
				ENABLE_NS_ASSERTIONS = NO;
				ENABLE_STRICT_OBJC_MSGSEND = YES;
				GCC_C_LANGUAGE_STANDARD = gnu11;
				GCC_NO_COMMON_BLOCKS = YES;
				GCC_WARN_64_TO_32_BIT_CONVERSION = YES;
				GCC_WARN_ABOUT_RETURN_TYPE = YES_ERROR;
				GCC_WARN_UNDECLARED_SELECTOR = YES;
				GCC_WARN_UNINITIALIZED_AUTOS = YES_AGGRESSIVE;
				GCC_WARN_UNUSED_FUNCTION = YES;
				GCC_WARN_UNUSED_VARIABLE = YES;
				IPHONEOS_DEPLOYMENT_TARGET = 14.0;
				MTL_ENABLE_DEBUG_INFO = NO;
				MTL_FAST_MATH = YES;
				SDKROOT = iphoneos;
				SWIFT_COMPILATION_MODE = wholemodule;
				SWIFT_OPTIMIZATION_LEVEL = "-O";
				VALIDATE_PRODUCT = YES;
			};
			name = Release;
		};
		16AE041D2900A05E00490465 /* Debug */ = {
			isa = XCBuildConfiguration;
			baseConfigurationReference = 4EAEA848C81209C1FBDA3C9F /* Pods-HowMuch.debug.xcconfig */;
			buildSettings = {
				ASSETCATALOG_COMPILER_APPICON_NAME = AppIcon;
				ASSETCATALOG_COMPILER_GLOBAL_ACCENT_COLOR_NAME = AccentColor;
				CODE_SIGN_STYLE = Automatic;
				CURRENT_PROJECT_VERSION = 1;
				DEVELOPMENT_TEAM = 26VQM6YHFT;
				GENERATE_INFOPLIST_FILE = YES;
				INFOPLIST_FILE = HowMuch/Info.plist;
				INFOPLIST_KEY_LSApplicationCategoryType = "public.app-category.finance";
				INFOPLIST_KEY_UIApplicationSupportsIndirectInputEvents = YES;
				INFOPLIST_KEY_UILaunchStoryboardName = LaunchScreen;
				INFOPLIST_KEY_UIMainStoryboardFile = SignStoryboard;
				INFOPLIST_KEY_UISupportedInterfaceOrientations = UIInterfaceOrientationPortrait;
				LD_RUNPATH_SEARCH_PATHS = (
					"$(inherited)",
					"@executable_path/Frameworks",
				);
				MARKETING_VERSION = 1.0;
				PRODUCT_BUNDLE_IDENTIFIER = Sanada.HowMuch;
				PRODUCT_NAME = "$(TARGET_NAME)";
				SUPPORTED_PLATFORMS = "iphoneos iphonesimulator";
				SUPPORTS_MACCATALYST = NO;
				SUPPORTS_MAC_DESIGNED_FOR_IPHONE_IPAD = NO;
				SWIFT_EMIT_LOC_STRINGS = YES;
				SWIFT_VERSION = 5.0;
				TARGETED_DEVICE_FAMILY = 1;
			};
			name = Debug;
		};
		16AE041E2900A05E00490465 /* Release */ = {
			isa = XCBuildConfiguration;
			baseConfigurationReference = CC754F44828695265B9B6BD3 /* Pods-HowMuch.release.xcconfig */;
			buildSettings = {
				ASSETCATALOG_COMPILER_APPICON_NAME = AppIcon;
				ASSETCATALOG_COMPILER_GLOBAL_ACCENT_COLOR_NAME = AccentColor;
				CODE_SIGN_STYLE = Automatic;
				CURRENT_PROJECT_VERSION = 1;
				DEVELOPMENT_TEAM = 26VQM6YHFT;
				GENERATE_INFOPLIST_FILE = YES;
				INFOPLIST_FILE = HowMuch/Info.plist;
				INFOPLIST_KEY_LSApplicationCategoryType = "public.app-category.finance";
				INFOPLIST_KEY_UIApplicationSupportsIndirectInputEvents = YES;
				INFOPLIST_KEY_UILaunchStoryboardName = LaunchScreen;
				INFOPLIST_KEY_UIMainStoryboardFile = SignStoryboard;
				INFOPLIST_KEY_UISupportedInterfaceOrientations = UIInterfaceOrientationPortrait;
				LD_RUNPATH_SEARCH_PATHS = (
					"$(inherited)",
					"@executable_path/Frameworks",
				);
				MARKETING_VERSION = 1.0;
				PRODUCT_BUNDLE_IDENTIFIER = Sanada.HowMuch;
				PRODUCT_NAME = "$(TARGET_NAME)";
				SUPPORTED_PLATFORMS = "iphoneos iphonesimulator";
				SUPPORTS_MACCATALYST = NO;
				SUPPORTS_MAC_DESIGNED_FOR_IPHONE_IPAD = NO;
				SWIFT_EMIT_LOC_STRINGS = YES;
				SWIFT_VERSION = 5.0;
				TARGETED_DEVICE_FAMILY = 1;
			};
			name = Release;
		};
/* End XCBuildConfiguration section */

/* Begin XCConfigurationList section */
		16AE04002900A05C00490465 /* Build configuration list for PBXProject "HowMuch" */ = {
			isa = XCConfigurationList;
			buildConfigurations = (
				16AE041A2900A05E00490465 /* Debug */,
				16AE041B2900A05E00490465 /* Release */,
			);
			defaultConfigurationIsVisible = 0;
			defaultConfigurationName = Release;
		};
		16AE041C2900A05E00490465 /* Build configuration list for PBXNativeTarget "HowMuch" */ = {
			isa = XCConfigurationList;
			buildConfigurations = (
				16AE041D2900A05E00490465 /* Debug */,
				16AE041E2900A05E00490465 /* Release */,
			);
			defaultConfigurationIsVisible = 0;
			defaultConfigurationName = Release;
		};
/* End XCConfigurationList section */

/* Begin XCVersionGroup section */
		16AE04112900A05C00490465 /* HowMuch.xcdatamodeld */ = {
			isa = XCVersionGroup;
			children = (
				16AE04122900A05C00490465 /* HowMuch.xcdatamodel */,
			);
			currentVersion = 16AE04122900A05C00490465 /* HowMuch.xcdatamodel */;
			path = HowMuch.xcdatamodeld;
			sourceTree = "<group>";
			versionGroupType = wrapper.xcdatamodel;
		};
/* End XCVersionGroup section */
	};
	rootObject = 16AE03FD2900A05C00490465 /* Project object */;
}
